// !$*UTF8*$!
{
	archiveVersion = 1;
	classes = {
	};
	objectVersion = 46;
	objects = {

/* Begin PBXBuildFile section */
		1A288B471C109D0B00D8A173 /* ETF.cpp in Sources */ = {isa = PBXBuildFile; fileRef = 1A288B2A1C109D0B00D8A173 /* ETF.cpp */; };
		1A288B481C109D0B00D8A173 /* fdog.cpp in Sources */ = {isa = PBXBuildFile; fileRef = 1A288B2B1C109D0B00D8A173 /* fdog.cpp */; };
		1A288B491C109D0B00D8A173 /* Calibration.cpp in Sources */ = {isa = PBXBuildFile; fileRef = 1A288B3B1C109D0B00D8A173 /* Calibration.cpp */; };
		1A288B4A1C109D0B00D8A173 /* ContourFinder.cpp in Sources */ = {isa = PBXBuildFile; fileRef = 1A288B3C1C109D0B00D8A173 /* ContourFinder.cpp */; };
		1A288B4B1C109D0B00D8A173 /* Distance.cpp in Sources */ = {isa = PBXBuildFile; fileRef = 1A288B3D1C109D0B00D8A173 /* Distance.cpp */; };
		1A288B4C1C109D0B00D8A173 /* Flow.cpp in Sources */ = {isa = PBXBuildFile; fileRef = 1A288B3E1C109D0B00D8A173 /* Flow.cpp */; };
		1A288B4D1C109D0B00D8A173 /* Helpers.cpp in Sources */ = {isa = PBXBuildFile; fileRef = 1A288B3F1C109D0B00D8A173 /* Helpers.cpp */; };
		1A288B4E1C109D0B00D8A173 /* Kalman.cpp in Sources */ = {isa = PBXBuildFile; fileRef = 1A288B401C109D0B00D8A173 /* Kalman.cpp */; };
		1A288B4F1C109D0B00D8A173 /* ObjectFinder.cpp in Sources */ = {isa = PBXBuildFile; fileRef = 1A288B411C109D0B00D8A173 /* ObjectFinder.cpp */; };
		1A288B501C109D0B00D8A173 /* RunningBackground.cpp in Sources */ = {isa = PBXBuildFile; fileRef = 1A288B421C109D0B00D8A173 /* RunningBackground.cpp */; };
		1A288B511C109D0B00D8A173 /* Tracker.cpp in Sources */ = {isa = PBXBuildFile; fileRef = 1A288B431C109D0B00D8A173 /* Tracker.cpp */; };
		1A288B521C109D0B00D8A173 /* Utilities.cpp in Sources */ = {isa = PBXBuildFile; fileRef = 1A288B441C109D0B00D8A173 /* Utilities.cpp */; };
		1A288B531C109D0B00D8A173 /* Wrappers.cpp in Sources */ = {isa = PBXBuildFile; fileRef = 1A288B451C109D0B00D8A173 /* Wrappers.cpp */; };
		1A288B541C109D0B00D8A173 /* opencv.a in Frameworks */ = {isa = PBXBuildFile; fileRef = 1A288B461C109D0B00D8A173 /* opencv.a */; };
		1A288BC81C109E3900D8A173 /* ofxKinectExtras.cpp in Sources */ = {isa = PBXBuildFile; fileRef = 1A288B581C109E3900D8A173 /* ofxKinectExtras.cpp */; };
		1A288BC91C109E3900D8A173 /* ofxKinect.cpp in Sources */ = {isa = PBXBuildFile; fileRef = 1A288B5B1C109E3900D8A173 /* ofxKinect.cpp */; };
		1A288BCA1C109E3900D8A173 /* audio.c in Sources */ = {isa = PBXBuildFile; fileRef = 1A288BAA1C109E3900D8A173 /* audio.c */; };
		1A288BCB1C109E3900D8A173 /* cameras.c in Sources */ = {isa = PBXBuildFile; fileRef = 1A288BAB1C109E3900D8A173 /* cameras.c */; };
		1A288BCC1C109E3900D8A173 /* core.c in Sources */ = {isa = PBXBuildFile; fileRef = 1A288BAD1C109E3900D8A173 /* core.c */; };
		1A288BCD1C109E3900D8A173 /* flags.c in Sources */ = {isa = PBXBuildFile; fileRef = 1A288BAE1C109E3900D8A173 /* flags.c */; };
		1A288BCE1C109E3900D8A173 /* keep_alive.c in Sources */ = {isa = PBXBuildFile; fileRef = 1A288BB11C109E3900D8A173 /* keep_alive.c */; };
		1A288BCF1C109E3900D8A173 /* loader.c in Sources */ = {isa = PBXBuildFile; fileRef = 1A288BB31C109E3900D8A173 /* loader.c */; };
		1A288BD01C109E3900D8A173 /* registration.c in Sources */ = {isa = PBXBuildFile; fileRef = 1A288BB51C109E3900D8A173 /* registration.c */; };
		1A288BD11C109E3900D8A173 /* tilt.c in Sources */ = {isa = PBXBuildFile; fileRef = 1A288BB71C109E3900D8A173 /* tilt.c */; };
		1A288BD21C109E3900D8A173 /* usb_libusb10.c in Sources */ = {isa = PBXBuildFile; fileRef = 1A288BB81C109E3900D8A173 /* usb_libusb10.c */; };
		1A288BD31C109E3900D8A173 /* usb-1.0.a in Frameworks */ = {isa = PBXBuildFile; fileRef = 1A288BC01C109E3900D8A173 /* usb-1.0.a */; };
		1A288C4E1C10A2AF00D8A173 /* ofxCvColorImage.cpp in Sources */ = {isa = PBXBuildFile; fileRef = 1A288BD71C10A2AF00D8A173 /* ofxCvColorImage.cpp */; };
		1A288C4F1C10A2AF00D8A173 /* ofxCvContourFinder.cpp in Sources */ = {isa = PBXBuildFile; fileRef = 1A288BDA1C10A2AF00D8A173 /* ofxCvContourFinder.cpp */; };
		1A288C501C10A2AF00D8A173 /* ofxCvFloatImage.cpp in Sources */ = {isa = PBXBuildFile; fileRef = 1A288BDC1C10A2AF00D8A173 /* ofxCvFloatImage.cpp */; };
		1A288C511C10A2AF00D8A173 /* ofxCvGrayscaleImage.cpp in Sources */ = {isa = PBXBuildFile; fileRef = 1A288BDE1C10A2AF00D8A173 /* ofxCvGrayscaleImage.cpp */; };
		1A288C521C10A2AF00D8A173 /* ofxCvHaarFinder.cpp in Sources */ = {isa = PBXBuildFile; fileRef = 1A288BE01C10A2AF00D8A173 /* ofxCvHaarFinder.cpp */; };
		1A288C531C10A2AF00D8A173 /* ofxCvImage.cpp in Sources */ = {isa = PBXBuildFile; fileRef = 1A288BE21C10A2AF00D8A173 /* ofxCvImage.cpp */; };
		1A288C541C10A2AF00D8A173 /* ofxCvShortImage.cpp in Sources */ = {isa = PBXBuildFile; fileRef = 1A288BE41C10A2AF00D8A173 /* ofxCvShortImage.cpp */; };
		1A288C551C10A2AF00D8A173 /* opencv.a in Frameworks */ = {isa = PBXBuildFile; fileRef = 1A288C4D1C10A2AF00D8A173 /* opencv.a */; };
		1A6D76AA1C106F6300C3E308 /* main.cpp in Sources */ = {isa = PBXBuildFile; fileRef = 1A6D76A71C106F6300C3E308 /* main.cpp */; };
		1A6D76AB1C106F6300C3E308 /* ofApp.cpp in Sources */ = {isa = PBXBuildFile; fileRef = 1A6D76A81C106F6300C3E308 /* ofApp.cpp */; };
		BBAB23CB13894F3D00AA2426 /* GLUT.framework in CopyFiles */ = {isa = PBXBuildFile; fileRef = BBAB23BE13894E4700AA2426 /* GLUT.framework */; };
		E4328149138ABC9F0047C5CB /* openFrameworksDebug.a in Frameworks */ = {isa = PBXBuildFile; fileRef = E4328148138ABC890047C5CB /* openFrameworksDebug.a */; };
		E45BE97B0E8CC7DD009D7055 /* AGL.framework in Frameworks */ = {isa = PBXBuildFile; fileRef = E45BE9710E8CC7DD009D7055 /* AGL.framework */; };
		E45BE97C0E8CC7DD009D7055 /* ApplicationServices.framework in Frameworks */ = {isa = PBXBuildFile; fileRef = E45BE9720E8CC7DD009D7055 /* ApplicationServices.framework */; };
		E45BE97D0E8CC7DD009D7055 /* AudioToolbox.framework in Frameworks */ = {isa = PBXBuildFile; fileRef = E45BE9730E8CC7DD009D7055 /* AudioToolbox.framework */; };
		E45BE97F0E8CC7DD009D7055 /* CoreAudio.framework in Frameworks */ = {isa = PBXBuildFile; fileRef = E45BE9750E8CC7DD009D7055 /* CoreAudio.framework */; };
		E45BE9800E8CC7DD009D7055 /* CoreFoundation.framework in Frameworks */ = {isa = PBXBuildFile; fileRef = E45BE9760E8CC7DD009D7055 /* CoreFoundation.framework */; };
		E45BE9810E8CC7DD009D7055 /* CoreServices.framework in Frameworks */ = {isa = PBXBuildFile; fileRef = E45BE9770E8CC7DD009D7055 /* CoreServices.framework */; };
		E45BE9830E8CC7DD009D7055 /* OpenGL.framework in Frameworks */ = {isa = PBXBuildFile; fileRef = E45BE9790E8CC7DD009D7055 /* OpenGL.framework */; };
		E45BE9840E8CC7DD009D7055 /* QuickTime.framework in Frameworks */ = {isa = PBXBuildFile; fileRef = E45BE97A0E8CC7DD009D7055 /* QuickTime.framework */; };
		E4C2424710CC5A17004149E2 /* AppKit.framework in Frameworks */ = {isa = PBXBuildFile; fileRef = E4C2424410CC5A17004149E2 /* AppKit.framework */; };
		E4C2424810CC5A17004149E2 /* Cocoa.framework in Frameworks */ = {isa = PBXBuildFile; fileRef = E4C2424510CC5A17004149E2 /* Cocoa.framework */; };
		E4C2424910CC5A17004149E2 /* IOKit.framework in Frameworks */ = {isa = PBXBuildFile; fileRef = E4C2424610CC5A17004149E2 /* IOKit.framework */; };
		E4EB6799138ADC1D00A09F29 /* GLUT.framework in Frameworks */ = {isa = PBXBuildFile; fileRef = BBAB23BE13894E4700AA2426 /* GLUT.framework */; };
		E4FDDBA960200395E42B3C85 /* ofxWaterRipple.cpp in Sources */ = {isa = PBXBuildFile; fileRef = 618C7D50D935C2F82AC9A504 /* ofxWaterRipple.cpp */; };
		E7E077E515D3B63C0020DFD4 /* CoreVideo.framework in Frameworks */ = {isa = PBXBuildFile; fileRef = E7E077E415D3B63C0020DFD4 /* CoreVideo.framework */; };
		E7E077E815D3B6510020DFD4 /* QTKit.framework in Frameworks */ = {isa = PBXBuildFile; fileRef = E7E077E715D3B6510020DFD4 /* QTKit.framework */; };
		E7F985F815E0DEA3003869B5 /* Accelerate.framework in Frameworks */ = {isa = PBXBuildFile; fileRef = E7F985F515E0DE99003869B5 /* Accelerate.framework */; };
		EEB56C74A4D8B973DCD83DAD /* GpuCompute.cpp in Sources */ = {isa = PBXBuildFile; fileRef = 0B8DFCDD91ADD516970E847D /* GpuCompute.cpp */; };
/* End PBXBuildFile section */

/* Begin PBXContainerItemProxy section */
		E4328147138ABC890047C5CB /* PBXContainerItemProxy */ = {
			isa = PBXContainerItemProxy;
			containerPortal = E4328143138ABC890047C5CB /* openFrameworksLib.xcodeproj */;
			proxyType = 2;
			remoteGlobalIDString = E4B27C1510CBEB8E00536013;
			remoteInfo = openFrameworks;
		};
		E4EEB9AB138B136A00A80321 /* PBXContainerItemProxy */ = {
			isa = PBXContainerItemProxy;
			containerPortal = E4328143138ABC890047C5CB /* openFrameworksLib.xcodeproj */;
			proxyType = 1;
			remoteGlobalIDString = E4B27C1410CBEB8E00536013;
			remoteInfo = openFrameworks;
		};
/* End PBXContainerItemProxy section */

/* Begin PBXCopyFilesBuildPhase section */
		E4C2427710CC5ABF004149E2 /* CopyFiles */ = {
			isa = PBXCopyFilesBuildPhase;
			buildActionMask = 2147483647;
			dstPath = "";
			dstSubfolderSpec = 10;
			files = (
				BBAB23CB13894F3D00AA2426 /* GLUT.framework in CopyFiles */,
			);
			runOnlyForDeploymentPostprocessing = 0;
		};
/* End PBXCopyFilesBuildPhase section */

/* Begin PBXFileReference section */
		0B8DFCDD91ADD516970E847D /* GpuCompute.cpp */ = {isa = PBXFileReference; explicitFileType = sourcecode.cpp.cpp; fileEncoding = 30; name = GpuCompute.cpp; path = ../../../addons/ofxWaterRipple/src/GpuCompute.cpp; sourceTree = SOURCE_ROOT; };
		1A288B1F1C109D0B00D8A173 /* ofxCv.h */ = {isa = PBXFileReference; lastKnownFileType = sourcecode.c.h; path = ofxCv.h; sourceTree = "<group>"; };
		1A288B211C109D0B00D8A173 /* .gitignore */ = {isa = PBXFileReference; lastKnownFileType = text; path = .gitignore; sourceTree = "<group>"; };
		1A288B251C109D0B00D8A173 /* ETF.h */ = {isa = PBXFileReference; lastKnownFileType = sourcecode.c.h; path = ETF.h; sourceTree = "<group>"; };
		1A288B261C109D0B00D8A173 /* fdog.h */ = {isa = PBXFileReference; lastKnownFileType = sourcecode.c.h; path = fdog.h; sourceTree = "<group>"; };
		1A288B271C109D0B00D8A173 /* imatrix.h */ = {isa = PBXFileReference; lastKnownFileType = sourcecode.c.h; path = imatrix.h; sourceTree = "<group>"; };
		1A288B281C109D0B00D8A173 /* myvec.h */ = {isa = PBXFileReference; lastKnownFileType = sourcecode.c.h; path = myvec.h; sourceTree = "<group>"; };
		1A288B2A1C109D0B00D8A173 /* ETF.cpp */ = {isa = PBXFileReference; lastKnownFileType = sourcecode.cpp.cpp; path = ETF.cpp; sourceTree = "<group>"; };
		1A288B2B1C109D0B00D8A173 /* fdog.cpp */ = {isa = PBXFileReference; lastKnownFileType = sourcecode.cpp.cpp; path = fdog.cpp; sourceTree = "<group>"; };
		1A288B2F1C109D0B00D8A173 /* Calibration.h */ = {isa = PBXFileReference; lastKnownFileType = sourcecode.c.h; path = Calibration.h; sourceTree = "<group>"; };
		1A288B301C109D0B00D8A173 /* ContourFinder.h */ = {isa = PBXFileReference; lastKnownFileType = sourcecode.c.h; path = ContourFinder.h; sourceTree = "<group>"; };
		1A288B311C109D0B00D8A173 /* Distance.h */ = {isa = PBXFileReference; lastKnownFileType = sourcecode.c.h; path = Distance.h; sourceTree = "<group>"; };
		1A288B321C109D0B00D8A173 /* Flow.h */ = {isa = PBXFileReference; lastKnownFileType = sourcecode.c.h; path = Flow.h; sourceTree = "<group>"; };
		1A288B331C109D0B00D8A173 /* Helpers.h */ = {isa = PBXFileReference; lastKnownFileType = sourcecode.c.h; path = Helpers.h; sourceTree = "<group>"; };
		1A288B341C109D0B00D8A173 /* Kalman.h */ = {isa = PBXFileReference; lastKnownFileType = sourcecode.c.h; path = Kalman.h; sourceTree = "<group>"; };
		1A288B351C109D0B00D8A173 /* ObjectFinder.h */ = {isa = PBXFileReference; lastKnownFileType = sourcecode.c.h; path = ObjectFinder.h; sourceTree = "<group>"; };
		1A288B361C109D0B00D8A173 /* RunningBackground.h */ = {isa = PBXFileReference; lastKnownFileType = sourcecode.c.h; path = RunningBackground.h; sourceTree = "<group>"; };
		1A288B371C109D0B00D8A173 /* Tracker.h */ = {isa = PBXFileReference; lastKnownFileType = sourcecode.c.h; path = Tracker.h; sourceTree = "<group>"; };
		1A288B381C109D0B00D8A173 /* Utilities.h */ = {isa = PBXFileReference; lastKnownFileType = sourcecode.c.h; path = Utilities.h; sourceTree = "<group>"; };
		1A288B391C109D0B00D8A173 /* Wrappers.h */ = {isa = PBXFileReference; lastKnownFileType = sourcecode.c.h; path = Wrappers.h; sourceTree = "<group>"; };
		1A288B3B1C109D0B00D8A173 /* Calibration.cpp */ = {isa = PBXFileReference; lastKnownFileType = sourcecode.cpp.cpp; path = Calibration.cpp; sourceTree = "<group>"; };
		1A288B3C1C109D0B00D8A173 /* ContourFinder.cpp */ = {isa = PBXFileReference; lastKnownFileType = sourcecode.cpp.cpp; path = ContourFinder.cpp; sourceTree = "<group>"; };
		1A288B3D1C109D0B00D8A173 /* Distance.cpp */ = {isa = PBXFileReference; lastKnownFileType = sourcecode.cpp.cpp; path = Distance.cpp; sourceTree = "<group>"; };
		1A288B3E1C109D0B00D8A173 /* Flow.cpp */ = {isa = PBXFileReference; lastKnownFileType = sourcecode.cpp.cpp; path = Flow.cpp; sourceTree = "<group>"; };
		1A288B3F1C109D0B00D8A173 /* Helpers.cpp */ = {isa = PBXFileReference; lastKnownFileType = sourcecode.cpp.cpp; path = Helpers.cpp; sourceTree = "<group>"; };
		1A288B401C109D0B00D8A173 /* Kalman.cpp */ = {isa = PBXFileReference; lastKnownFileType = sourcecode.cpp.cpp; path = Kalman.cpp; sourceTree = "<group>"; };
		1A288B411C109D0B00D8A173 /* ObjectFinder.cpp */ = {isa = PBXFileReference; lastKnownFileType = sourcecode.cpp.cpp; path = ObjectFinder.cpp; sourceTree = "<group>"; };
		1A288B421C109D0B00D8A173 /* RunningBackground.cpp */ = {isa = PBXFileReference; lastKnownFileType = sourcecode.cpp.cpp; path = RunningBackground.cpp; sourceTree = "<group>"; };
		1A288B431C109D0B00D8A173 /* Tracker.cpp */ = {isa = PBXFileReference; lastKnownFileType = sourcecode.cpp.cpp; path = Tracker.cpp; sourceTree = "<group>"; };
		1A288B441C109D0B00D8A173 /* Utilities.cpp */ = {isa = PBXFileReference; lastKnownFileType = sourcecode.cpp.cpp; path = Utilities.cpp; sourceTree = "<group>"; };
		1A288B451C109D0B00D8A173 /* Wrappers.cpp */ = {isa = PBXFileReference; lastKnownFileType = sourcecode.cpp.cpp; path = Wrappers.cpp; sourceTree = "<group>"; };
		1A288B461C109D0B00D8A173 /* opencv.a */ = {isa = PBXFileReference; lastKnownFileType = archive.ar; name = opencv.a; path = ../../../addons/ofxCv/../ofxOpenCv/libs/opencv/lib/osx/opencv.a; sourceTree = "<group>"; };
		1A288B581C109E3900D8A173 /* ofxKinectExtras.cpp */ = {isa = PBXFileReference; lastKnownFileType = sourcecode.cpp.cpp; path = ofxKinectExtras.cpp; sourceTree = "<group>"; };
		1A288B591C109E3900D8A173 /* ofxKinectExtras.h */ = {isa = PBXFileReference; lastKnownFileType = sourcecode.c.h; path = ofxKinectExtras.h; sourceTree = "<group>"; };
		1A288B5A1C109E3900D8A173 /* ofxBase3DVideo.h */ = {isa = PBXFileReference; lastKnownFileType = sourcecode.c.h; path = ofxBase3DVideo.h; sourceTree = "<group>"; };
		1A288B5B1C109E3900D8A173 /* ofxKinect.cpp */ = {isa = PBXFileReference; lastKnownFileType = sourcecode.cpp.cpp; path = ofxKinect.cpp; sourceTree = "<group>"; };
		1A288B5C1C109E3900D8A173 /* ofxKinect.h */ = {isa = PBXFileReference; lastKnownFileType = sourcecode.c.h; path = ofxKinect.h; sourceTree = "<group>"; };
		1A288B5F1C109E3900D8A173 /* APACHE20 */ = {isa = PBXFileReference; lastKnownFileType = text; path = APACHE20; sourceTree = "<group>"; };
		1A288B601C109E3900D8A173 /* CONTRIB */ = {isa = PBXFileReference; lastKnownFileType = text; path = CONTRIB; sourceTree = "<group>"; };
		1A288B611C109E3900D8A173 /* GPL2 */ = {isa = PBXFileReference; lastKnownFileType = text; path = GPL2; sourceTree = "<group>"; };
		1A288B631C109E3900D8A173 /* libfreenect.h */ = {isa = PBXFileReference; lastKnownFileType = sourcecode.c.h; path = libfreenect.h; sourceTree = "<group>"; };
		1A288B641C109E3900D8A173 /* libfreenect_audio.h */ = {isa = PBXFileReference; lastKnownFileType = sourcecode.c.h; path = libfreenect_audio.h; sourceTree = "<group>"; };
		1A288B651C109E3900D8A173 /* libfreenect_registration.h */ = {isa = PBXFileReference; lastKnownFileType = sourcecode.c.h; path = libfreenect_registration.h; sourceTree = "<group>"; };
		1A288BAA1C109E3900D8A173 /* audio.c */ = {isa = PBXFileReference; lastKnownFileType = sourcecode.c.c; path = audio.c; sourceTree = "<group>"; };
		1A288BAB1C109E3900D8A173 /* cameras.c */ = {isa = PBXFileReference; lastKnownFileType = sourcecode.c.c; path = cameras.c; sourceTree = "<group>"; };
		1A288BAC1C109E3900D8A173 /* cameras.h */ = {isa = PBXFileReference; lastKnownFileType = sourcecode.c.h; path = cameras.h; sourceTree = "<group>"; };
		1A288BAD1C109E3900D8A173 /* core.c */ = {isa = PBXFileReference; lastKnownFileType = sourcecode.c.c; path = core.c; sourceTree = "<group>"; };
		1A288BAE1C109E3900D8A173 /* flags.c */ = {isa = PBXFileReference; lastKnownFileType = sourcecode.c.c; path = flags.c; sourceTree = "<group>"; };
		1A288BAF1C109E3900D8A173 /* flags.h */ = {isa = PBXFileReference; lastKnownFileType = sourcecode.c.h; path = flags.h; sourceTree = "<group>"; };
		1A288BB01C109E3900D8A173 /* freenect_internal.h */ = {isa = PBXFileReference; lastKnownFileType = sourcecode.c.h; path = freenect_internal.h; sourceTree = "<group>"; };
		1A288BB11C109E3900D8A173 /* keep_alive.c */ = {isa = PBXFileReference; lastKnownFileType = sourcecode.c.c; path = keep_alive.c; sourceTree = "<group>"; };
		1A288BB21C109E3900D8A173 /* keep_alive.h */ = {isa = PBXFileReference; lastKnownFileType = sourcecode.c.h; path = keep_alive.h; sourceTree = "<group>"; };
		1A288BB31C109E3900D8A173 /* loader.c */ = {isa = PBXFileReference; lastKnownFileType = sourcecode.c.c; path = loader.c; sourceTree = "<group>"; };
		1A288BB41C109E3900D8A173 /* loader.h */ = {isa = PBXFileReference; lastKnownFileType = sourcecode.c.h; path = loader.h; sourceTree = "<group>"; };
		1A288BB51C109E3900D8A173 /* registration.c */ = {isa = PBXFileReference; lastKnownFileType = sourcecode.c.c; path = registration.c; sourceTree = "<group>"; };
		1A288BB61C109E3900D8A173 /* registration.h */ = {isa = PBXFileReference; lastKnownFileType = sourcecode.c.h; path = registration.h; sourceTree = "<group>"; };
		1A288BB71C109E3900D8A173 /* tilt.c */ = {isa = PBXFileReference; lastKnownFileType = sourcecode.c.c; path = tilt.c; sourceTree = "<group>"; };
		1A288BB81C109E3900D8A173 /* usb_libusb10.c */ = {isa = PBXFileReference; lastKnownFileType = sourcecode.c.c; path = usb_libusb10.c; sourceTree = "<group>"; };
		1A288BB91C109E3900D8A173 /* usb_libusb10.h */ = {isa = PBXFileReference; lastKnownFileType = sourcecode.c.h; path = usb_libusb10.h; sourceTree = "<group>"; };
		1A288BBD1C109E3900D8A173 /* libusb.h */ = {isa = PBXFileReference; lastKnownFileType = sourcecode.c.h; path = libusb.h; sourceTree = "<group>"; };
		1A288BC01C109E3900D8A173 /* usb-1.0.a */ = {isa = PBXFileReference; lastKnownFileType = archive.ar; path = "usb-1.0.a"; sourceTree = "<group>"; };
		1A288BD61C10A2AF00D8A173 /* ofxCvBlob.h */ = {isa = PBXFileReference; lastKnownFileType = sourcecode.c.h; path = ofxCvBlob.h; sourceTree = "<group>"; };
		1A288BD71C10A2AF00D8A173 /* ofxCvColorImage.cpp */ = {isa = PBXFileReference; lastKnownFileType = sourcecode.cpp.cpp; path = ofxCvColorImage.cpp; sourceTree = "<group>"; };
		1A288BD81C10A2AF00D8A173 /* ofxCvColorImage.h */ = {isa = PBXFileReference; lastKnownFileType = sourcecode.c.h; path = ofxCvColorImage.h; sourceTree = "<group>"; };
		1A288BD91C10A2AF00D8A173 /* ofxCvConstants.h */ = {isa = PBXFileReference; lastKnownFileType = sourcecode.c.h; path = ofxCvConstants.h; sourceTree = "<group>"; };
		1A288BDA1C10A2AF00D8A173 /* ofxCvContourFinder.cpp */ = {isa = PBXFileReference; lastKnownFileType = sourcecode.cpp.cpp; path = ofxCvContourFinder.cpp; sourceTree = "<group>"; };
		1A288BDB1C10A2AF00D8A173 /* ofxCvContourFinder.h */ = {isa = PBXFileReference; lastKnownFileType = sourcecode.c.h; path = ofxCvContourFinder.h; sourceTree = "<group>"; };
		1A288BDC1C10A2AF00D8A173 /* ofxCvFloatImage.cpp */ = {isa = PBXFileReference; lastKnownFileType = sourcecode.cpp.cpp; path = ofxCvFloatImage.cpp; sourceTree = "<group>"; };
		1A288BDD1C10A2AF00D8A173 /* ofxCvFloatImage.h */ = {isa = PBXFileReference; lastKnownFileType = sourcecode.c.h; path = ofxCvFloatImage.h; sourceTree = "<group>"; };
		1A288BDE1C10A2AF00D8A173 /* ofxCvGrayscaleImage.cpp */ = {isa = PBXFileReference; lastKnownFileType = sourcecode.cpp.cpp; path = ofxCvGrayscaleImage.cpp; sourceTree = "<group>"; };
		1A288BDF1C10A2AF00D8A173 /* ofxCvGrayscaleImage.h */ = {isa = PBXFileReference; lastKnownFileType = sourcecode.c.h; path = ofxCvGrayscaleImage.h; sourceTree = "<group>"; };
		1A288BE01C10A2AF00D8A173 /* ofxCvHaarFinder.cpp */ = {isa = PBXFileReference; lastKnownFileType = sourcecode.cpp.cpp; path = ofxCvHaarFinder.cpp; sourceTree = "<group>"; };
		1A288BE11C10A2AF00D8A173 /* ofxCvHaarFinder.h */ = {isa = PBXFileReference; lastKnownFileType = sourcecode.c.h; path = ofxCvHaarFinder.h; sourceTree = "<group>"; };
		1A288BE21C10A2AF00D8A173 /* ofxCvImage.cpp */ = {isa = PBXFileReference; lastKnownFileType = sourcecode.cpp.cpp; path = ofxCvImage.cpp; sourceTree = "<group>"; };
		1A288BE31C10A2AF00D8A173 /* ofxCvImage.h */ = {isa = PBXFileReference; lastKnownFileType = sourcecode.c.h; path = ofxCvImage.h; sourceTree = "<group>"; };
		1A288BE41C10A2AF00D8A173 /* ofxCvShortImage.cpp */ = {isa = PBXFileReference; lastKnownFileType = sourcecode.cpp.cpp; path = ofxCvShortImage.cpp; sourceTree = "<group>"; };
		1A288BE51C10A2AF00D8A173 /* ofxCvShortImage.h */ = {isa = PBXFileReference; lastKnownFileType = sourcecode.c.h; path = ofxCvShortImage.h; sourceTree = "<group>"; };
		1A288BE61C10A2AF00D8A173 /* ofxOpenCv.h */ = {isa = PBXFileReference; lastKnownFileType = sourcecode.c.h; path = ofxOpenCv.h; sourceTree = "<group>"; };
		1A288BEB1C10A2AF00D8A173 /* cv.h */ = {isa = PBXFileReference; lastKnownFileType = sourcecode.c.h; path = cv.h; sourceTree = "<group>"; };
		1A288BEC1C10A2AF00D8A173 /* cv.hpp */ = {isa = PBXFileReference; lastKnownFileType = sourcecode.cpp.h; path = cv.hpp; sourceTree = "<group>"; };
		1A288BED1C10A2AF00D8A173 /* cvaux.h */ = {isa = PBXFileReference; lastKnownFileType = sourcecode.c.h; path = cvaux.h; sourceTree = "<group>"; };
		1A288BEE1C10A2AF00D8A173 /* cvaux.hpp */ = {isa = PBXFileReference; lastKnownFileType = sourcecode.cpp.h; path = cvaux.hpp; sourceTree = "<group>"; };
		1A288BEF1C10A2AF00D8A173 /* cvwimage.h */ = {isa = PBXFileReference; lastKnownFileType = sourcecode.c.h; path = cvwimage.h; sourceTree = "<group>"; };
		1A288BF01C10A2AF00D8A173 /* cxcore.h */ = {isa = PBXFileReference; lastKnownFileType = sourcecode.c.h; path = cxcore.h; sourceTree = "<group>"; };
		1A288BF11C10A2AF00D8A173 /* cxcore.hpp */ = {isa = PBXFileReference; lastKnownFileType = sourcecode.cpp.h; path = cxcore.hpp; sourceTree = "<group>"; };
		1A288BF21C10A2AF00D8A173 /* cxeigen.hpp */ = {isa = PBXFileReference; lastKnownFileType = sourcecode.cpp.h; path = cxeigen.hpp; sourceTree = "<group>"; };
		1A288BF31C10A2AF00D8A173 /* cxmisc.h */ = {isa = PBXFileReference; lastKnownFileType = sourcecode.c.h; path = cxmisc.h; sourceTree = "<group>"; };
		1A288BF41C10A2AF00D8A173 /* highgui.h */ = {isa = PBXFileReference; lastKnownFileType = sourcecode.c.h; path = highgui.h; sourceTree = "<group>"; };
		1A288BF51C10A2AF00D8A173 /* ml.h */ = {isa = PBXFileReference; lastKnownFileType = sourcecode.c.h; path = ml.h; sourceTree = "<group>"; };
		1A288BF81C10A2AF00D8A173 /* calib3d.hpp */ = {isa = PBXFileReference; lastKnownFileType = sourcecode.cpp.h; path = calib3d.hpp; sourceTree = "<group>"; };
		1A288BFA1C10A2AF00D8A173 /* contrib.hpp */ = {isa = PBXFileReference; lastKnownFileType = sourcecode.cpp.h; path = contrib.hpp; sourceTree = "<group>"; };
		1A288BFB1C10A2AF00D8A173 /* retina.hpp */ = {isa = PBXFileReference; lastKnownFileType = sourcecode.cpp.h; path = retina.hpp; sourceTree = "<group>"; };
		1A288BFD1C10A2AF00D8A173 /* core.hpp */ = {isa = PBXFileReference; lastKnownFileType = sourcecode.cpp.h; path = core.hpp; sourceTree = "<group>"; };
		1A288BFE1C10A2AF00D8A173 /* core_c.h */ = {isa = PBXFileReference; lastKnownFileType = sourcecode.c.h; path = core_c.h; sourceTree = "<group>"; };
		1A288BFF1C10A2AF00D8A173 /* eigen.hpp */ = {isa = PBXFileReference; lastKnownFileType = sourcecode.cpp.h; path = eigen.hpp; sourceTree = "<group>"; };
		1A288C001C10A2AF00D8A173 /* internal.hpp */ = {isa = PBXFileReference; lastKnownFileType = sourcecode.cpp.h; path = internal.hpp; sourceTree = "<group>"; };
		1A288C011C10A2AF00D8A173 /* mat.hpp */ = {isa = PBXFileReference; lastKnownFileType = sourcecode.cpp.h; path = mat.hpp; sourceTree = "<group>"; };
		1A288C021C10A2AF00D8A173 /* operations.hpp */ = {isa = PBXFileReference; lastKnownFileType = sourcecode.cpp.h; path = operations.hpp; sourceTree = "<group>"; };
		1A288C031C10A2AF00D8A173 /* types_c.h */ = {isa = PBXFileReference; lastKnownFileType = sourcecode.c.h; path = types_c.h; sourceTree = "<group>"; };
		1A288C041C10A2AF00D8A173 /* version.hpp */ = {isa = PBXFileReference; lastKnownFileType = sourcecode.cpp.h; path = version.hpp; sourceTree = "<group>"; };
		1A288C051C10A2AF00D8A173 /* wimage.hpp */ = {isa = PBXFileReference; lastKnownFileType = sourcecode.cpp.h; path = wimage.hpp; sourceTree = "<group>"; };
		1A288C071C10A2AF00D8A173 /* features2d.hpp */ = {isa = PBXFileReference; lastKnownFileType = sourcecode.cpp.h; path = features2d.hpp; sourceTree = "<group>"; };
		1A288C091C10A2AF00D8A173 /* all_indices.h */ = {isa = PBXFileReference; lastKnownFileType = sourcecode.c.h; path = all_indices.h; sourceTree = "<group>"; };
		1A288C0A1C10A2AF00D8A173 /* allocator.h */ = {isa = PBXFileReference; lastKnownFileType = sourcecode.c.h; path = allocator.h; sourceTree = "<group>"; };
		1A288C0B1C10A2AF00D8A173 /* any.h */ = {isa = PBXFileReference; lastKnownFileType = sourcecode.c.h; path = any.h; sourceTree = "<group>"; };
		1A288C0C1C10A2AF00D8A173 /* autotuned_index.h */ = {isa = PBXFileReference; lastKnownFileType = sourcecode.c.h; path = autotuned_index.h; sourceTree = "<group>"; };
		1A288C0D1C10A2AF00D8A173 /* composite_index.h */ = {isa = PBXFileReference; lastKnownFileType = sourcecode.c.h; path = composite_index.h; sourceTree = "<group>"; };
		1A288C0E1C10A2AF00D8A173 /* config.h */ = {isa = PBXFileReference; lastKnownFileType = sourcecode.c.h; path = config.h; sourceTree = "<group>"; };
		1A288C0F1C10A2AF00D8A173 /* defines.h */ = {isa = PBXFileReference; lastKnownFileType = sourcecode.c.h; path = defines.h; sourceTree = "<group>"; };
		1A288C101C10A2AF00D8A173 /* dist.h */ = {isa = PBXFileReference; lastKnownFileType = sourcecode.c.h; path = dist.h; sourceTree = "<group>"; };
		1A288C111C10A2AF00D8A173 /* dummy.h */ = {isa = PBXFileReference; lastKnownFileType = sourcecode.c.h; path = dummy.h; sourceTree = "<group>"; };
		1A288C121C10A2AF00D8A173 /* dynamic_bitset.h */ = {isa = PBXFileReference; lastKnownFileType = sourcecode.c.h; path = dynamic_bitset.h; sourceTree = "<group>"; };
		1A288C131C10A2AF00D8A173 /* flann.hpp */ = {isa = PBXFileReference; lastKnownFileType = sourcecode.cpp.h; path = flann.hpp; sourceTree = "<group>"; };
		1A288C141C10A2AF00D8A173 /* flann_base.hpp */ = {isa = PBXFileReference; lastKnownFileType = sourcecode.cpp.h; path = flann_base.hpp; sourceTree = "<group>"; };
		1A288C151C10A2AF00D8A173 /* general.h */ = {isa = PBXFileReference; lastKnownFileType = sourcecode.c.h; path = general.h; sourceTree = "<group>"; };
		1A288C161C10A2AF00D8A173 /* ground_truth.h */ = {isa = PBXFileReference; lastKnownFileType = sourcecode.c.h; path = ground_truth.h; sourceTree = "<group>"; };
		1A288C171C10A2AF00D8A173 /* hdf5.h */ = {isa = PBXFileReference; lastKnownFileType = sourcecode.c.h; path = hdf5.h; sourceTree = "<group>"; };
		1A288C181C10A2AF00D8A173 /* heap.h */ = {isa = PBXFileReference; lastKnownFileType = sourcecode.c.h; path = heap.h; sourceTree = "<group>"; };
		1A288C191C10A2AF00D8A173 /* hierarchical_clustering_index.h */ = {isa = PBXFileReference; lastKnownFileType = sourcecode.c.h; path = hierarchical_clustering_index.h; sourceTree = "<group>"; };
		1A288C1A1C10A2AF00D8A173 /* index_testing.h */ = {isa = PBXFileReference; lastKnownFileType = sourcecode.c.h; path = index_testing.h; sourceTree = "<group>"; };
		1A288C1B1C10A2AF00D8A173 /* kdtree_index.h */ = {isa = PBXFileReference; lastKnownFileType = sourcecode.c.h; path = kdtree_index.h; sourceTree = "<group>"; };
		1A288C1C1C10A2AF00D8A173 /* kdtree_single_index.h */ = {isa = PBXFileReference; lastKnownFileType = sourcecode.c.h; path = kdtree_single_index.h; sourceTree = "<group>"; };
		1A288C1D1C10A2AF00D8A173 /* kmeans_index.h */ = {isa = PBXFileReference; lastKnownFileType = sourcecode.c.h; path = kmeans_index.h; sourceTree = "<group>"; };
		1A288C1E1C10A2AF00D8A173 /* linear_index.h */ = {isa = PBXFileReference; lastKnownFileType = sourcecode.c.h; path = linear_index.h; sourceTree = "<group>"; };
		1A288C1F1C10A2AF00D8A173 /* logger.h */ = {isa = PBXFileReference; lastKnownFileType = sourcecode.c.h; path = logger.h; sourceTree = "<group>"; };
		1A288C201C10A2AF00D8A173 /* lsh_index.h */ = {isa = PBXFileReference; lastKnownFileType = sourcecode.c.h; path = lsh_index.h; sourceTree = "<group>"; };
		1A288C211C10A2AF00D8A173 /* lsh_table.h */ = {isa = PBXFileReference; lastKnownFileType = sourcecode.c.h; path = lsh_table.h; sourceTree = "<group>"; };
		1A288C221C10A2AF00D8A173 /* matrix.h */ = {isa = PBXFileReference; lastKnownFileType = sourcecode.c.h; path = matrix.h; sourceTree = "<group>"; };
		1A288C231C10A2AF00D8A173 /* miniflann.hpp */ = {isa = PBXFileReference; lastKnownFileType = sourcecode.cpp.h; path = miniflann.hpp; sourceTree = "<group>"; };
		1A288C241C10A2AF00D8A173 /* nn_index.h */ = {isa = PBXFileReference; lastKnownFileType = sourcecode.c.h; path = nn_index.h; sourceTree = "<group>"; };
		1A288C251C10A2AF00D8A173 /* object_factory.h */ = {isa = PBXFileReference; lastKnownFileType = sourcecode.c.h; path = object_factory.h; sourceTree = "<group>"; };
		1A288C261C10A2AF00D8A173 /* params.h */ = {isa = PBXFileReference; lastKnownFileType = sourcecode.c.h; path = params.h; sourceTree = "<group>"; };
		1A288C271C10A2AF00D8A173 /* random.h */ = {isa = PBXFileReference; lastKnownFileType = sourcecode.c.h; path = random.h; sourceTree = "<group>"; };
		1A288C281C10A2AF00D8A173 /* result_set.h */ = {isa = PBXFileReference; lastKnownFileType = sourcecode.c.h; path = result_set.h; sourceTree = "<group>"; };
		1A288C291C10A2AF00D8A173 /* sampling.h */ = {isa = PBXFileReference; lastKnownFileType = sourcecode.c.h; path = sampling.h; sourceTree = "<group>"; };
		1A288C2A1C10A2AF00D8A173 /* saving.h */ = {isa = PBXFileReference; lastKnownFileType = sourcecode.c.h; path = saving.h; sourceTree = "<group>"; };
		1A288C2B1C10A2AF00D8A173 /* simplex_downhill.h */ = {isa = PBXFileReference; lastKnownFileType = sourcecode.c.h; path = simplex_downhill.h; sourceTree = "<group>"; };
		1A288C2C1C10A2AF00D8A173 /* timer.h */ = {isa = PBXFileReference; lastKnownFileType = sourcecode.c.h; path = timer.h; sourceTree = "<group>"; };
		1A288C2E1C10A2AF00D8A173 /* devmem2d.hpp */ = {isa = PBXFileReference; lastKnownFileType = sourcecode.cpp.h; path = devmem2d.hpp; sourceTree = "<group>"; };
		1A288C2F1C10A2AF00D8A173 /* gpu.hpp */ = {isa = PBXFileReference; lastKnownFileType = sourcecode.cpp.h; path = gpu.hpp; sourceTree = "<group>"; };
		1A288C301C10A2AF00D8A173 /* gpumat.hpp */ = {isa = PBXFileReference; lastKnownFileType = sourcecode.cpp.h; path = gpumat.hpp; sourceTree = "<group>"; };
		1A288C311C10A2AF00D8A173 /* matrix_operations.hpp */ = {isa = PBXFileReference; lastKnownFileType = sourcecode.cpp.h; path = matrix_operations.hpp; sourceTree = "<group>"; };
		1A288C321C10A2AF00D8A173 /* stream_accessor.hpp */ = {isa = PBXFileReference; lastKnownFileType = sourcecode.cpp.h; path = stream_accessor.hpp; sourceTree = "<group>"; };
		1A288C341C10A2AF00D8A173 /* highgui.hpp */ = {isa = PBXFileReference; lastKnownFileType = sourcecode.cpp.h; path = highgui.hpp; sourceTree = "<group>"; };
		1A288C351C10A2AF00D8A173 /* highgui_c.h */ = {isa = PBXFileReference; lastKnownFileType = sourcecode.c.h; path = highgui_c.h; sourceTree = "<group>"; };
		1A288C371C10A2AF00D8A173 /* imgproc.hpp */ = {isa = PBXFileReference; lastKnownFileType = sourcecode.cpp.h; path = imgproc.hpp; sourceTree = "<group>"; };
		1A288C381C10A2AF00D8A173 /* imgproc_c.h */ = {isa = PBXFileReference; lastKnownFileType = sourcecode.c.h; path = imgproc_c.h; sourceTree = "<group>"; };
		1A288C391C10A2AF00D8A173 /* types_c.h */ = {isa = PBXFileReference; lastKnownFileType = sourcecode.c.h; path = types_c.h; sourceTree = "<group>"; };
		1A288C3B1C10A2AF00D8A173 /* blobtrack.hpp */ = {isa = PBXFileReference; lastKnownFileType = sourcecode.cpp.h; path = blobtrack.hpp; sourceTree = "<group>"; };
		1A288C3C1C10A2AF00D8A173 /* compat.hpp */ = {isa = PBXFileReference; lastKnownFileType = sourcecode.cpp.h; path = compat.hpp; sourceTree = "<group>"; };
		1A288C3D1C10A2AF00D8A173 /* legacy.hpp */ = {isa = PBXFileReference; lastKnownFileType = sourcecode.cpp.h; path = legacy.hpp; sourceTree = "<group>"; };
		1A288C3E1C10A2AF00D8A173 /* streams.hpp */ = {isa = PBXFileReference; lastKnownFileType = sourcecode.cpp.h; path = streams.hpp; sourceTree = "<group>"; };
		1A288C401C10A2AF00D8A173 /* ml.hpp */ = {isa = PBXFileReference; lastKnownFileType = sourcecode.cpp.h; path = ml.hpp; sourceTree = "<group>"; };
		1A288C421C10A2AF00D8A173 /* objdetect.hpp */ = {isa = PBXFileReference; lastKnownFileType = sourcecode.cpp.h; path = objdetect.hpp; sourceTree = "<group>"; };
		1A288C431C10A2AF00D8A173 /* opencv.hpp */ = {isa = PBXFileReference; lastKnownFileType = sourcecode.cpp.h; path = opencv.hpp; sourceTree = "<group>"; };
		1A288C451C10A2AF00D8A173 /* ts.hpp */ = {isa = PBXFileReference; lastKnownFileType = sourcecode.cpp.h; path = ts.hpp; sourceTree = "<group>"; };
		1A288C461C10A2AF00D8A173 /* ts_gtest.h */ = {isa = PBXFileReference; lastKnownFileType = sourcecode.c.h; path = ts_gtest.h; sourceTree = "<group>"; };
		1A288C481C10A2AF00D8A173 /* background_segm.hpp */ = {isa = PBXFileReference; lastKnownFileType = sourcecode.cpp.h; path = background_segm.hpp; sourceTree = "<group>"; };
		1A288C491C10A2AF00D8A173 /* tracking.hpp */ = {isa = PBXFileReference; lastKnownFileType = sourcecode.cpp.h; path = tracking.hpp; sourceTree = "<group>"; };
		1A288C4A1C10A2AF00D8A173 /* video.hpp */ = {isa = PBXFileReference; lastKnownFileType = sourcecode.cpp.h; path = video.hpp; sourceTree = "<group>"; };
		1A288C4D1C10A2AF00D8A173 /* opencv.a */ = {isa = PBXFileReference; lastKnownFileType = archive.ar; path = opencv.a; sourceTree = "<group>"; };
		1A6D76A71C106F6300C3E308 /* main.cpp */ = {isa = PBXFileReference; fileEncoding = 4; lastKnownFileType = sourcecode.cpp.cpp; path = main.cpp; sourceTree = "<group>"; };
		1A6D76A81C106F6300C3E308 /* ofApp.cpp */ = {isa = PBXFileReference; fileEncoding = 4; lastKnownFileType = sourcecode.cpp.cpp; path = ofApp.cpp; sourceTree = "<group>"; };
		1A6D76A91C106F6300C3E308 /* ofApp.h */ = {isa = PBXFileReference; fileEncoding = 4; lastKnownFileType = sourcecode.c.h; path = ofApp.h; sourceTree = "<group>"; };
		274D159D0B7124743F9E2CA5 /* GpuCompute.h */ = {isa = PBXFileReference; explicitFileType = sourcecode.c.h; fileEncoding = 30; name = GpuCompute.h; path = ../../../addons/ofxWaterRipple/src/GpuCompute.h; sourceTree = SOURCE_ROOT; };
		618C7D50D935C2F82AC9A504 /* ofxWaterRipple.cpp */ = {isa = PBXFileReference; explicitFileType = sourcecode.cpp.cpp; fileEncoding = 30; name = ofxWaterRipple.cpp; path = ../../../addons/ofxWaterRipple/src/ofxWaterRipple.cpp; sourceTree = SOURCE_ROOT; };
		7EC2632AA4CE2BD469B1B495 /* ofxWaterRipple.h */ = {isa = PBXFileReference; explicitFileType = sourcecode.c.h; fileEncoding = 30; name = ofxWaterRipple.h; path = ../../../addons/ofxWaterRipple/src/ofxWaterRipple.h; sourceTree = SOURCE_ROOT; };
		BBAB23BE13894E4700AA2426 /* GLUT.framework */ = {isa = PBXFileReference; lastKnownFileType = wrapper.framework; name = GLUT.framework; path = ../../../libs/glut/lib/osx/GLUT.framework; sourceTree = "<group>"; };
		E4328143138ABC890047C5CB /* openFrameworksLib.xcodeproj */ = {isa = PBXFileReference; lastKnownFileType = "wrapper.pb-project"; name = openFrameworksLib.xcodeproj; path = ../../../libs/openFrameworksCompiled/project/osx/openFrameworksLib.xcodeproj; sourceTree = SOURCE_ROOT; };
		E45BE9710E8CC7DD009D7055 /* AGL.framework */ = {isa = PBXFileReference; lastKnownFileType = wrapper.framework; name = AGL.framework; path = /System/Library/Frameworks/AGL.framework; sourceTree = "<absolute>"; };
		E45BE9720E8CC7DD009D7055 /* ApplicationServices.framework */ = {isa = PBXFileReference; lastKnownFileType = wrapper.framework; name = ApplicationServices.framework; path = /System/Library/Frameworks/ApplicationServices.framework; sourceTree = "<absolute>"; };
		E45BE9730E8CC7DD009D7055 /* AudioToolbox.framework */ = {isa = PBXFileReference; lastKnownFileType = wrapper.framework; name = AudioToolbox.framework; path = /System/Library/Frameworks/AudioToolbox.framework; sourceTree = "<absolute>"; };
		E45BE9750E8CC7DD009D7055 /* CoreAudio.framework */ = {isa = PBXFileReference; lastKnownFileType = wrapper.framework; name = CoreAudio.framework; path = /System/Library/Frameworks/CoreAudio.framework; sourceTree = "<absolute>"; };
		E45BE9760E8CC7DD009D7055 /* CoreFoundation.framework */ = {isa = PBXFileReference; lastKnownFileType = wrapper.framework; name = CoreFoundation.framework; path = /System/Library/Frameworks/CoreFoundation.framework; sourceTree = "<absolute>"; };
		E45BE9770E8CC7DD009D7055 /* CoreServices.framework */ = {isa = PBXFileReference; lastKnownFileType = wrapper.framework; name = CoreServices.framework; path = /System/Library/Frameworks/CoreServices.framework; sourceTree = "<absolute>"; };
		E45BE9790E8CC7DD009D7055 /* OpenGL.framework */ = {isa = PBXFileReference; lastKnownFileType = wrapper.framework; name = OpenGL.framework; path = /System/Library/Frameworks/OpenGL.framework; sourceTree = "<absolute>"; };
		E45BE97A0E8CC7DD009D7055 /* QuickTime.framework */ = {isa = PBXFileReference; lastKnownFileType = wrapper.framework; name = QuickTime.framework; path = /System/Library/Frameworks/QuickTime.framework; sourceTree = "<absolute>"; };
		E4B69B5B0A3A1756003C02F2 /* waterSimDebug.app */ = {isa = PBXFileReference; explicitFileType = wrapper.application; includeInIndex = 0; path = waterSimDebug.app; sourceTree = BUILT_PRODUCTS_DIR; };
		E4B6FCAD0C3E899E008CF71C /* openFrameworks-Info.plist */ = {isa = PBXFileReference; fileEncoding = 30; lastKnownFileType = text.plist.xml; path = "openFrameworks-Info.plist"; sourceTree = "<group>"; };
		E4C2424410CC5A17004149E2 /* AppKit.framework */ = {isa = PBXFileReference; lastKnownFileType = wrapper.framework; name = AppKit.framework; path = /System/Library/Frameworks/AppKit.framework; sourceTree = "<absolute>"; };
		E4C2424510CC5A17004149E2 /* Cocoa.framework */ = {isa = PBXFileReference; lastKnownFileType = wrapper.framework; name = Cocoa.framework; path = /System/Library/Frameworks/Cocoa.framework; sourceTree = "<absolute>"; };
		E4C2424610CC5A17004149E2 /* IOKit.framework */ = {isa = PBXFileReference; lastKnownFileType = wrapper.framework; name = IOKit.framework; path = /System/Library/Frameworks/IOKit.framework; sourceTree = "<absolute>"; };
		E4EB691F138AFCF100A09F29 /* CoreOF.xcconfig */ = {isa = PBXFileReference; fileEncoding = 4; lastKnownFileType = text.xcconfig; name = CoreOF.xcconfig; path = ../../../libs/openFrameworksCompiled/project/osx/CoreOF.xcconfig; sourceTree = SOURCE_ROOT; };
		E4EB6923138AFD0F00A09F29 /* Project.xcconfig */ = {isa = PBXFileReference; fileEncoding = 4; lastKnownFileType = text.xcconfig; path = Project.xcconfig; sourceTree = "<group>"; };
		E7E077E415D3B63C0020DFD4 /* CoreVideo.framework */ = {isa = PBXFileReference; lastKnownFileType = wrapper.framework; name = CoreVideo.framework; path = /System/Library/Frameworks/CoreVideo.framework; sourceTree = "<absolute>"; };
		E7E077E715D3B6510020DFD4 /* QTKit.framework */ = {isa = PBXFileReference; lastKnownFileType = wrapper.framework; name = QTKit.framework; path = /System/Library/Frameworks/QTKit.framework; sourceTree = "<absolute>"; };
		E7F985F515E0DE99003869B5 /* Accelerate.framework */ = {isa = PBXFileReference; lastKnownFileType = wrapper.framework; name = Accelerate.framework; path = /System/Library/Frameworks/Accelerate.framework; sourceTree = "<absolute>"; };
/* End PBXFileReference section */

/* Begin PBXFrameworksBuildPhase section */
		E4B69B590A3A1756003C02F2 /* Frameworks */ = {
			isa = PBXFrameworksBuildPhase;
			buildActionMask = 2147483647;
			files = (
				E7F985F815E0DEA3003869B5 /* Accelerate.framework in Frameworks */,
				E7E077E815D3B6510020DFD4 /* QTKit.framework in Frameworks */,
				E4EB6799138ADC1D00A09F29 /* GLUT.framework in Frameworks */,
				1A288C551C10A2AF00D8A173 /* opencv.a in Frameworks */,
				E4328149138ABC9F0047C5CB /* openFrameworksDebug.a in Frameworks */,
				E45BE97B0E8CC7DD009D7055 /* AGL.framework in Frameworks */,
				E45BE97C0E8CC7DD009D7055 /* ApplicationServices.framework in Frameworks */,
				1A288BD31C109E3900D8A173 /* usb-1.0.a in Frameworks */,
				E45BE97D0E8CC7DD009D7055 /* AudioToolbox.framework in Frameworks */,
				E45BE97F0E8CC7DD009D7055 /* CoreAudio.framework in Frameworks */,
				E45BE9800E8CC7DD009D7055 /* CoreFoundation.framework in Frameworks */,
				E45BE9810E8CC7DD009D7055 /* CoreServices.framework in Frameworks */,
				E45BE9830E8CC7DD009D7055 /* OpenGL.framework in Frameworks */,
				E45BE9840E8CC7DD009D7055 /* QuickTime.framework in Frameworks */,
				E4C2424710CC5A17004149E2 /* AppKit.framework in Frameworks */,
				E4C2424810CC5A17004149E2 /* Cocoa.framework in Frameworks */,
				1A288B541C109D0B00D8A173 /* opencv.a in Frameworks */,
				E4C2424910CC5A17004149E2 /* IOKit.framework in Frameworks */,
				E7E077E515D3B63C0020DFD4 /* CoreVideo.framework in Frameworks */,
			);
			runOnlyForDeploymentPostprocessing = 0;
		};
/* End PBXFrameworksBuildPhase section */

/* Begin PBXGroup section */
		00C94EC67CF78EAA0967A322 /* ofxWaterRipple */ = {
			isa = PBXGroup;
			children = (
				8DD1EB16DB5D47A7003DC31E /* src */,
			);
			name = ofxWaterRipple;
			sourceTree = "<group>";
		};
		1A288B1D1C109D0B00D8A173 /* ofxCv */ = {
			isa = PBXGroup;
			children = (
				1A288B1E1C109D0B00D8A173 /* src */,
				1A288B201C109D0B00D8A173 /* libs */,
				1A288B461C109D0B00D8A173 /* opencv.a */,
			);
			name = ofxCv;
			sourceTree = "<group>";
		};
		1A288B1E1C109D0B00D8A173 /* src */ = {
			isa = PBXGroup;
			children = (
				1A288B1F1C109D0B00D8A173 /* ofxCv.h */,
			);
			name = src;
			path = ../../../addons/ofxCv/src;
			sourceTree = "<group>";
		};
		1A288B201C109D0B00D8A173 /* libs */ = {
			isa = PBXGroup;
			children = (
				1A288B211C109D0B00D8A173 /* .gitignore */,
				1A288B221C109D0B00D8A173 /* CLD */,
				1A288B2C1C109D0B00D8A173 /* ofxCv */,
			);
			name = libs;
			path = ../../../addons/ofxCv/libs;
			sourceTree = "<group>";
		};
		1A288B221C109D0B00D8A173 /* CLD */ = {
			isa = PBXGroup;
			children = (
				1A288B231C109D0B00D8A173 /* include */,
				1A288B291C109D0B00D8A173 /* src */,
			);
			path = CLD;
			sourceTree = "<group>";
		};
		1A288B231C109D0B00D8A173 /* include */ = {
			isa = PBXGroup;
			children = (
				1A288B241C109D0B00D8A173 /* CLD */,
			);
			path = include;
			sourceTree = "<group>";
		};
		1A288B241C109D0B00D8A173 /* CLD */ = {
			isa = PBXGroup;
			children = (
				1A288B251C109D0B00D8A173 /* ETF.h */,
				1A288B261C109D0B00D8A173 /* fdog.h */,
				1A288B271C109D0B00D8A173 /* imatrix.h */,
				1A288B281C109D0B00D8A173 /* myvec.h */,
			);
			path = CLD;
			sourceTree = "<group>";
		};
		1A288B291C109D0B00D8A173 /* src */ = {
			isa = PBXGroup;
			children = (
				1A288B2A1C109D0B00D8A173 /* ETF.cpp */,
				1A288B2B1C109D0B00D8A173 /* fdog.cpp */,
			);
			path = src;
			sourceTree = "<group>";
		};
		1A288B2C1C109D0B00D8A173 /* ofxCv */ = {
			isa = PBXGroup;
			children = (
				1A288B2D1C109D0B00D8A173 /* include */,
				1A288B3A1C109D0B00D8A173 /* src */,
			);
			path = ofxCv;
			sourceTree = "<group>";
		};
		1A288B2D1C109D0B00D8A173 /* include */ = {
			isa = PBXGroup;
			children = (
				1A288B2E1C109D0B00D8A173 /* ofxCv */,
			);
			path = include;
			sourceTree = "<group>";
		};
		1A288B2E1C109D0B00D8A173 /* ofxCv */ = {
			isa = PBXGroup;
			children = (
				1A288B2F1C109D0B00D8A173 /* Calibration.h */,
				1A288B301C109D0B00D8A173 /* ContourFinder.h */,
				1A288B311C109D0B00D8A173 /* Distance.h */,
				1A288B321C109D0B00D8A173 /* Flow.h */,
				1A288B331C109D0B00D8A173 /* Helpers.h */,
				1A288B341C109D0B00D8A173 /* Kalman.h */,
				1A288B351C109D0B00D8A173 /* ObjectFinder.h */,
				1A288B361C109D0B00D8A173 /* RunningBackground.h */,
				1A288B371C109D0B00D8A173 /* Tracker.h */,
				1A288B381C109D0B00D8A173 /* Utilities.h */,
				1A288B391C109D0B00D8A173 /* Wrappers.h */,
			);
			path = ofxCv;
			sourceTree = "<group>";
		};
		1A288B3A1C109D0B00D8A173 /* src */ = {
			isa = PBXGroup;
			children = (
				1A288B3B1C109D0B00D8A173 /* Calibration.cpp */,
				1A288B3C1C109D0B00D8A173 /* ContourFinder.cpp */,
				1A288B3D1C109D0B00D8A173 /* Distance.cpp */,
				1A288B3E1C109D0B00D8A173 /* Flow.cpp */,
				1A288B3F1C109D0B00D8A173 /* Helpers.cpp */,
				1A288B401C109D0B00D8A173 /* Kalman.cpp */,
				1A288B411C109D0B00D8A173 /* ObjectFinder.cpp */,
				1A288B421C109D0B00D8A173 /* RunningBackground.cpp */,
				1A288B431C109D0B00D8A173 /* Tracker.cpp */,
				1A288B441C109D0B00D8A173 /* Utilities.cpp */,
				1A288B451C109D0B00D8A173 /* Wrappers.cpp */,
			);
			path = src;
			sourceTree = "<group>";
		};
		1A288B551C109E3900D8A173 /* ofxKinect */ = {
			isa = PBXGroup;
			children = (
				1A288B561C109E3900D8A173 /* src */,
				1A288B5D1C109E3900D8A173 /* libs */,
			);
			name = ofxKinect;
			sourceTree = "<group>";
		};
		1A288B561C109E3900D8A173 /* src */ = {
			isa = PBXGroup;
			children = (
				1A288B571C109E3900D8A173 /* extra */,
				1A288B5A1C109E3900D8A173 /* ofxBase3DVideo.h */,
				1A288B5B1C109E3900D8A173 /* ofxKinect.cpp */,
				1A288B5C1C109E3900D8A173 /* ofxKinect.h */,
			);
			name = src;
			path = ../../../addons/ofxKinect/src;
			sourceTree = "<group>";
		};
		1A288B571C109E3900D8A173 /* extra */ = {
			isa = PBXGroup;
			children = (
				1A288B581C109E3900D8A173 /* ofxKinectExtras.cpp */,
				1A288B591C109E3900D8A173 /* ofxKinectExtras.h */,
			);
			path = extra;
			sourceTree = "<group>";
		};
		1A288B5D1C109E3900D8A173 /* libs */ = {
			isa = PBXGroup;
			children = (
				1A288B5E1C109E3900D8A173 /* libfreenect */,
				1A288BBA1C109E3900D8A173 /* libusb-1.0 */,
			);
			name = libs;
			path = ../../../addons/ofxKinect/libs;
			sourceTree = "<group>";
		};
		1A288B5E1C109E3900D8A173 /* libfreenect */ = {
			isa = PBXGroup;
			children = (
				1A288B5F1C109E3900D8A173 /* APACHE20 */,
				1A288B601C109E3900D8A173 /* CONTRIB */,
				1A288B611C109E3900D8A173 /* GPL2 */,
				1A288B621C109E3900D8A173 /* include */,
				1A288BA91C109E3900D8A173 /* src */,
			);
			path = libfreenect;
			sourceTree = "<group>";
		};
		1A288B621C109E3900D8A173 /* include */ = {
			isa = PBXGroup;
			children = (
				1A288B631C109E3900D8A173 /* libfreenect.h */,
				1A288B641C109E3900D8A173 /* libfreenect_audio.h */,
				1A288B651C109E3900D8A173 /* libfreenect_registration.h */,
			);
			path = include;
			sourceTree = "<group>";
		};
		1A288BA91C109E3900D8A173 /* src */ = {
			isa = PBXGroup;
			children = (
				1A288BAA1C109E3900D8A173 /* audio.c */,
				1A288BAB1C109E3900D8A173 /* cameras.c */,
				1A288BAC1C109E3900D8A173 /* cameras.h */,
				1A288BAD1C109E3900D8A173 /* core.c */,
				1A288BAE1C109E3900D8A173 /* flags.c */,
				1A288BAF1C109E3900D8A173 /* flags.h */,
				1A288BB01C109E3900D8A173 /* freenect_internal.h */,
				1A288BB11C109E3900D8A173 /* keep_alive.c */,
				1A288BB21C109E3900D8A173 /* keep_alive.h */,
				1A288BB31C109E3900D8A173 /* loader.c */,
				1A288BB41C109E3900D8A173 /* loader.h */,
				1A288BB51C109E3900D8A173 /* registration.c */,
				1A288BB61C109E3900D8A173 /* registration.h */,
				1A288BB71C109E3900D8A173 /* tilt.c */,
				1A288BB81C109E3900D8A173 /* usb_libusb10.c */,
				1A288BB91C109E3900D8A173 /* usb_libusb10.h */,
			);
			path = src;
			sourceTree = "<group>";
		};
		1A288BBA1C109E3900D8A173 /* libusb-1.0 */ = {
			isa = PBXGroup;
			children = (
				1A288BBB1C109E3900D8A173 /* include */,
				1A288BBE1C109E3900D8A173 /* lib */,
			);
			path = "libusb-1.0";
			sourceTree = "<group>";
		};
		1A288BBB1C109E3900D8A173 /* include */ = {
			isa = PBXGroup;
			children = (
				1A288BBC1C109E3900D8A173 /* libusb-1.0 */,
			);
			path = include;
			sourceTree = "<group>";
		};
		1A288BBC1C109E3900D8A173 /* libusb-1.0 */ = {
			isa = PBXGroup;
			children = (
				1A288BBD1C109E3900D8A173 /* libusb.h */,
			);
			path = "libusb-1.0";
			sourceTree = "<group>";
		};
		1A288BBE1C109E3900D8A173 /* lib */ = {
			isa = PBXGroup;
			children = (
				1A288BBF1C109E3900D8A173 /* osx */,
			);
			path = lib;
			sourceTree = "<group>";
		};
		1A288BBF1C109E3900D8A173 /* osx */ = {
			isa = PBXGroup;
			children = (
				1A288BC01C109E3900D8A173 /* usb-1.0.a */,
			);
			path = osx;
			sourceTree = "<group>";
		};
		1A288BD41C10A2AF00D8A173 /* ofxOpenCv */ = {
			isa = PBXGroup;
			children = (
				1A288BD51C10A2AF00D8A173 /* src */,
				1A288BE71C10A2AF00D8A173 /* libs */,
			);
			name = ofxOpenCv;
			sourceTree = "<group>";
		};
		1A288BD51C10A2AF00D8A173 /* src */ = {
			isa = PBXGroup;
			children = (
				1A288BD61C10A2AF00D8A173 /* ofxCvBlob.h */,
				1A288BD71C10A2AF00D8A173 /* ofxCvColorImage.cpp */,
				1A288BD81C10A2AF00D8A173 /* ofxCvColorImage.h */,
				1A288BD91C10A2AF00D8A173 /* ofxCvConstants.h */,
				1A288BDA1C10A2AF00D8A173 /* ofxCvContourFinder.cpp */,
				1A288BDB1C10A2AF00D8A173 /* ofxCvContourFinder.h */,
				1A288BDC1C10A2AF00D8A173 /* ofxCvFloatImage.cpp */,
				1A288BDD1C10A2AF00D8A173 /* ofxCvFloatImage.h */,
				1A288BDE1C10A2AF00D8A173 /* ofxCvGrayscaleImage.cpp */,
				1A288BDF1C10A2AF00D8A173 /* ofxCvGrayscaleImage.h */,
				1A288BE01C10A2AF00D8A173 /* ofxCvHaarFinder.cpp */,
				1A288BE11C10A2AF00D8A173 /* ofxCvHaarFinder.h */,
				1A288BE21C10A2AF00D8A173 /* ofxCvImage.cpp */,
				1A288BE31C10A2AF00D8A173 /* ofxCvImage.h */,
				1A288BE41C10A2AF00D8A173 /* ofxCvShortImage.cpp */,
				1A288BE51C10A2AF00D8A173 /* ofxCvShortImage.h */,
				1A288BE61C10A2AF00D8A173 /* ofxOpenCv.h */,
			);
			name = src;
			path = ../../../addons/ofxOpenCv/src;
			sourceTree = "<group>";
		};
		1A288BE71C10A2AF00D8A173 /* libs */ = {
			isa = PBXGroup;
			children = (
				1A288BE81C10A2AF00D8A173 /* opencv */,
			);
			name = libs;
			path = ../../../addons/ofxOpenCv/libs;
			sourceTree = "<group>";
		};
		1A288BE81C10A2AF00D8A173 /* opencv */ = {
			isa = PBXGroup;
			children = (
				1A288BE91C10A2AF00D8A173 /* include */,
				1A288C4B1C10A2AF00D8A173 /* lib */,
			);
			path = opencv;
			sourceTree = "<group>";
		};
		1A288BE91C10A2AF00D8A173 /* include */ = {
			isa = PBXGroup;
			children = (
				1A288BEA1C10A2AF00D8A173 /* opencv */,
				1A288BF61C10A2AF00D8A173 /* opencv2 */,
			);
			path = include;
			sourceTree = "<group>";
		};
		1A288BEA1C10A2AF00D8A173 /* opencv */ = {
			isa = PBXGroup;
			children = (
				1A288BEB1C10A2AF00D8A173 /* cv.h */,
				1A288BEC1C10A2AF00D8A173 /* cv.hpp */,
				1A288BED1C10A2AF00D8A173 /* cvaux.h */,
				1A288BEE1C10A2AF00D8A173 /* cvaux.hpp */,
				1A288BEF1C10A2AF00D8A173 /* cvwimage.h */,
				1A288BF01C10A2AF00D8A173 /* cxcore.h */,
				1A288BF11C10A2AF00D8A173 /* cxcore.hpp */,
				1A288BF21C10A2AF00D8A173 /* cxeigen.hpp */,
				1A288BF31C10A2AF00D8A173 /* cxmisc.h */,
				1A288BF41C10A2AF00D8A173 /* highgui.h */,
				1A288BF51C10A2AF00D8A173 /* ml.h */,
			);
			path = opencv;
			sourceTree = "<group>";
		};
		1A288BF61C10A2AF00D8A173 /* opencv2 */ = {
			isa = PBXGroup;
			children = (
				1A288BF71C10A2AF00D8A173 /* calib3d */,
				1A288BF91C10A2AF00D8A173 /* contrib */,
				1A288BFC1C10A2AF00D8A173 /* core */,
				1A288C061C10A2AF00D8A173 /* features2d */,
				1A288C081C10A2AF00D8A173 /* flann */,
				1A288C2D1C10A2AF00D8A173 /* gpu */,
				1A288C331C10A2AF00D8A173 /* highgui */,
				1A288C361C10A2AF00D8A173 /* imgproc */,
				1A288C3A1C10A2AF00D8A173 /* legacy */,
				1A288C3F1C10A2AF00D8A173 /* ml */,
				1A288C411C10A2AF00D8A173 /* objdetect */,
				1A288C431C10A2AF00D8A173 /* opencv.hpp */,
				1A288C441C10A2AF00D8A173 /* ts */,
				1A288C471C10A2AF00D8A173 /* video */,
			);
			path = opencv2;
			sourceTree = "<group>";
		};
		1A288BF71C10A2AF00D8A173 /* calib3d */ = {
			isa = PBXGroup;
			children = (
				1A288BF81C10A2AF00D8A173 /* calib3d.hpp */,
			);
			path = calib3d;
			sourceTree = "<group>";
		};
		1A288BF91C10A2AF00D8A173 /* contrib */ = {
			isa = PBXGroup;
			children = (
				1A288BFA1C10A2AF00D8A173 /* contrib.hpp */,
				1A288BFB1C10A2AF00D8A173 /* retina.hpp */,
			);
			path = contrib;
			sourceTree = "<group>";
		};
		1A288BFC1C10A2AF00D8A173 /* core */ = {
			isa = PBXGroup;
			children = (
				1A288BFD1C10A2AF00D8A173 /* core.hpp */,
				1A288BFE1C10A2AF00D8A173 /* core_c.h */,
				1A288BFF1C10A2AF00D8A173 /* eigen.hpp */,
				1A288C001C10A2AF00D8A173 /* internal.hpp */,
				1A288C011C10A2AF00D8A173 /* mat.hpp */,
				1A288C021C10A2AF00D8A173 /* operations.hpp */,
				1A288C031C10A2AF00D8A173 /* types_c.h */,
				1A288C041C10A2AF00D8A173 /* version.hpp */,
				1A288C051C10A2AF00D8A173 /* wimage.hpp */,
			);
			path = core;
			sourceTree = "<group>";
		};
		1A288C061C10A2AF00D8A173 /* features2d */ = {
			isa = PBXGroup;
			children = (
				1A288C071C10A2AF00D8A173 /* features2d.hpp */,
			);
			path = features2d;
			sourceTree = "<group>";
		};
		1A288C081C10A2AF00D8A173 /* flann */ = {
			isa = PBXGroup;
			children = (
				1A288C091C10A2AF00D8A173 /* all_indices.h */,
				1A288C0A1C10A2AF00D8A173 /* allocator.h */,
				1A288C0B1C10A2AF00D8A173 /* any.h */,
				1A288C0C1C10A2AF00D8A173 /* autotuned_index.h */,
				1A288C0D1C10A2AF00D8A173 /* composite_index.h */,
				1A288C0E1C10A2AF00D8A173 /* config.h */,
				1A288C0F1C10A2AF00D8A173 /* defines.h */,
				1A288C101C10A2AF00D8A173 /* dist.h */,
				1A288C111C10A2AF00D8A173 /* dummy.h */,
				1A288C121C10A2AF00D8A173 /* dynamic_bitset.h */,
				1A288C131C10A2AF00D8A173 /* flann.hpp */,
				1A288C141C10A2AF00D8A173 /* flann_base.hpp */,
				1A288C151C10A2AF00D8A173 /* general.h */,
				1A288C161C10A2AF00D8A173 /* ground_truth.h */,
				1A288C171C10A2AF00D8A173 /* hdf5.h */,
				1A288C181C10A2AF00D8A173 /* heap.h */,
				1A288C191C10A2AF00D8A173 /* hierarchical_clustering_index.h */,
				1A288C1A1C10A2AF00D8A173 /* index_testing.h */,
				1A288C1B1C10A2AF00D8A173 /* kdtree_index.h */,
				1A288C1C1C10A2AF00D8A173 /* kdtree_single_index.h */,
				1A288C1D1C10A2AF00D8A173 /* kmeans_index.h */,
				1A288C1E1C10A2AF00D8A173 /* linear_index.h */,
				1A288C1F1C10A2AF00D8A173 /* logger.h */,
				1A288C201C10A2AF00D8A173 /* lsh_index.h */,
				1A288C211C10A2AF00D8A173 /* lsh_table.h */,
				1A288C221C10A2AF00D8A173 /* matrix.h */,
				1A288C231C10A2AF00D8A173 /* miniflann.hpp */,
				1A288C241C10A2AF00D8A173 /* nn_index.h */,
				1A288C251C10A2AF00D8A173 /* object_factory.h */,
				1A288C261C10A2AF00D8A173 /* params.h */,
				1A288C271C10A2AF00D8A173 /* random.h */,
				1A288C281C10A2AF00D8A173 /* result_set.h */,
				1A288C291C10A2AF00D8A173 /* sampling.h */,
				1A288C2A1C10A2AF00D8A173 /* saving.h */,
				1A288C2B1C10A2AF00D8A173 /* simplex_downhill.h */,
				1A288C2C1C10A2AF00D8A173 /* timer.h */,
			);
			path = flann;
			sourceTree = "<group>";
		};
		1A288C2D1C10A2AF00D8A173 /* gpu */ = {
			isa = PBXGroup;
			children = (
				1A288C2E1C10A2AF00D8A173 /* devmem2d.hpp */,
				1A288C2F1C10A2AF00D8A173 /* gpu.hpp */,
				1A288C301C10A2AF00D8A173 /* gpumat.hpp */,
				1A288C311C10A2AF00D8A173 /* matrix_operations.hpp */,
				1A288C321C10A2AF00D8A173 /* stream_accessor.hpp */,
			);
			path = gpu;
			sourceTree = "<group>";
		};
		1A288C331C10A2AF00D8A173 /* highgui */ = {
			isa = PBXGroup;
			children = (
				1A288C341C10A2AF00D8A173 /* highgui.hpp */,
				1A288C351C10A2AF00D8A173 /* highgui_c.h */,
			);
			path = highgui;
			sourceTree = "<group>";
		};
		1A288C361C10A2AF00D8A173 /* imgproc */ = {
			isa = PBXGroup;
			children = (
				1A288C371C10A2AF00D8A173 /* imgproc.hpp */,
				1A288C381C10A2AF00D8A173 /* imgproc_c.h */,
				1A288C391C10A2AF00D8A173 /* types_c.h */,
			);
			path = imgproc;
			sourceTree = "<group>";
		};
		1A288C3A1C10A2AF00D8A173 /* legacy */ = {
			isa = PBXGroup;
			children = (
				1A288C3B1C10A2AF00D8A173 /* blobtrack.hpp */,
				1A288C3C1C10A2AF00D8A173 /* compat.hpp */,
				1A288C3D1C10A2AF00D8A173 /* legacy.hpp */,
				1A288C3E1C10A2AF00D8A173 /* streams.hpp */,
			);
			path = legacy;
			sourceTree = "<group>";
		};
		1A288C3F1C10A2AF00D8A173 /* ml */ = {
			isa = PBXGroup;
			children = (
				1A288C401C10A2AF00D8A173 /* ml.hpp */,
			);
			path = ml;
			sourceTree = "<group>";
		};
		1A288C411C10A2AF00D8A173 /* objdetect */ = {
			isa = PBXGroup;
			children = (
				1A288C421C10A2AF00D8A173 /* objdetect.hpp */,
			);
			path = objdetect;
			sourceTree = "<group>";
		};
		1A288C441C10A2AF00D8A173 /* ts */ = {
			isa = PBXGroup;
			children = (
				1A288C451C10A2AF00D8A173 /* ts.hpp */,
				1A288C461C10A2AF00D8A173 /* ts_gtest.h */,
			);
			path = ts;
			sourceTree = "<group>";
		};
		1A288C471C10A2AF00D8A173 /* video */ = {
			isa = PBXGroup;
			children = (
				1A288C481C10A2AF00D8A173 /* background_segm.hpp */,
				1A288C491C10A2AF00D8A173 /* tracking.hpp */,
				1A288C4A1C10A2AF00D8A173 /* video.hpp */,
			);
			path = video;
			sourceTree = "<group>";
		};
		1A288C4B1C10A2AF00D8A173 /* lib */ = {
			isa = PBXGroup;
			children = (
				1A288C4C1C10A2AF00D8A173 /* osx */,
			);
			path = lib;
			sourceTree = "<group>";
		};
		1A288C4C1C10A2AF00D8A173 /* osx */ = {
			isa = PBXGroup;
			children = (
				1A288C4D1C10A2AF00D8A173 /* opencv.a */,
			);
			path = osx;
			sourceTree = "<group>";
		};
		8DD1EB16DB5D47A7003DC31E /* src */ = {
			isa = PBXGroup;
			children = (
				0B8DFCDD91ADD516970E847D /* GpuCompute.cpp */,
				274D159D0B7124743F9E2CA5 /* GpuCompute.h */,
				618C7D50D935C2F82AC9A504 /* ofxWaterRipple.cpp */,
				7EC2632AA4CE2BD469B1B495 /* ofxWaterRipple.h */,
			);
			name = src;
			sourceTree = "<group>";
		};
		BB4B014C10F69532006C3DED /* addons */ = {
			isa = PBXGroup;
			children = (
				00C94EC67CF78EAA0967A322 /* ofxWaterRipple */,
				1A288B1D1C109D0B00D8A173 /* ofxCv */,
				1A288B551C109E3900D8A173 /* ofxKinect */,
				1A288BD41C10A2AF00D8A173 /* ofxOpenCv */,
			);
			name = addons;
			sourceTree = "<group>";
		};
		BBAB23C913894ECA00AA2426 /* system frameworks */ = {
			isa = PBXGroup;
			children = (
				E7F985F515E0DE99003869B5 /* Accelerate.framework */,
				E4C2424410CC5A17004149E2 /* AppKit.framework */,
				E4C2424510CC5A17004149E2 /* Cocoa.framework */,
				E4C2424610CC5A17004149E2 /* IOKit.framework */,
				E45BE9710E8CC7DD009D7055 /* AGL.framework */,
				E45BE9720E8CC7DD009D7055 /* ApplicationServices.framework */,
				E45BE9730E8CC7DD009D7055 /* AudioToolbox.framework */,
				E45BE9750E8CC7DD009D7055 /* CoreAudio.framework */,
				E45BE9760E8CC7DD009D7055 /* CoreFoundation.framework */,
				E45BE9770E8CC7DD009D7055 /* CoreServices.framework */,
				E45BE9790E8CC7DD009D7055 /* OpenGL.framework */,
				E45BE97A0E8CC7DD009D7055 /* QuickTime.framework */,
				E7E077E415D3B63C0020DFD4 /* CoreVideo.framework */,
				E7E077E715D3B6510020DFD4 /* QTKit.framework */,
			);
			name = "system frameworks";
			sourceTree = "<group>";
		};
		BBAB23CA13894EDB00AA2426 /* 3rd party frameworks */ = {
			isa = PBXGroup;
			children = (
				BBAB23BE13894E4700AA2426 /* GLUT.framework */,
			);
			name = "3rd party frameworks";
			sourceTree = "<group>";
		};
		E4328144138ABC890047C5CB /* Products */ = {
			isa = PBXGroup;
			children = (
				E4328148138ABC890047C5CB /* openFrameworksDebug.a */,
			);
			name = Products;
			sourceTree = "<group>";
		};
		E45BE5980E8CC70C009D7055 /* frameworks */ = {
			isa = PBXGroup;
			children = (
				BBAB23CA13894EDB00AA2426 /* 3rd party frameworks */,
				BBAB23C913894ECA00AA2426 /* system frameworks */,
			);
			name = frameworks;
			sourceTree = "<group>";
		};
		E4B69B4A0A3A1720003C02F2 = {
			isa = PBXGroup;
			children = (
				E4B6FCAD0C3E899E008CF71C /* openFrameworks-Info.plist */,
				E4EB6923138AFD0F00A09F29 /* Project.xcconfig */,
				E4B69E1C0A3A1BDC003C02F2 /* src */,
				E4EEC9E9138DF44700A80321 /* openFrameworks */,
				BB4B014C10F69532006C3DED /* addons */,
				E45BE5980E8CC70C009D7055 /* frameworks */,
				E4B69B5B0A3A1756003C02F2 /* waterSimDebug.app */,
			);
			sourceTree = "<group>";
		};
		E4B69E1C0A3A1BDC003C02F2 /* src */ = {
			isa = PBXGroup;
			children = (
				1A6D76A71C106F6300C3E308 /* main.cpp */,
				1A6D76A81C106F6300C3E308 /* ofApp.cpp */,
				1A6D76A91C106F6300C3E308 /* ofApp.h */,
			);
			path = src;
			sourceTree = SOURCE_ROOT;
		};
		E4EEC9E9138DF44700A80321 /* openFrameworks */ = {
			isa = PBXGroup;
			children = (
				E4EB691F138AFCF100A09F29 /* CoreOF.xcconfig */,
				E4328143138ABC890047C5CB /* openFrameworksLib.xcodeproj */,
			);
			name = openFrameworks;
			sourceTree = "<group>";
		};
/* End PBXGroup section */

/* Begin PBXNativeTarget section */
		E4B69B5A0A3A1756003C02F2 /* waterSim */ = {
			isa = PBXNativeTarget;
			buildConfigurationList = E4B69B5F0A3A1757003C02F2 /* Build configuration list for PBXNativeTarget "waterSim" */;
			buildPhases = (
				E4B69B580A3A1756003C02F2 /* Sources */,
				E4B69B590A3A1756003C02F2 /* Frameworks */,
				E4B6FFFD0C3F9AB9008CF71C /* ShellScript */,
				E4C2427710CC5ABF004149E2 /* CopyFiles */,
			);
			buildRules = (
			);
			dependencies = (
				E4EEB9AC138B136A00A80321 /* PBXTargetDependency */,
			);
			name = waterSim;
			productName = myOFApp;
			productReference = E4B69B5B0A3A1756003C02F2 /* waterSimDebug.app */;
			productType = "com.apple.product-type.application";
		};
/* End PBXNativeTarget section */

/* Begin PBXProject section */
		E4B69B4C0A3A1720003C02F2 /* Project object */ = {
			isa = PBXProject;
			attributes = {
				LastUpgradeCheck = 0460;
			};
			buildConfigurationList = E4B69B4D0A3A1720003C02F2 /* Build configuration list for PBXProject "waterSim" */;
			compatibilityVersion = "Xcode 3.2";
			developmentRegion = English;
			hasScannedForEncodings = 0;
			knownRegions = (
				English,
				Japanese,
				French,
				German,
			);
			mainGroup = E4B69B4A0A3A1720003C02F2;
			productRefGroup = E4B69B4A0A3A1720003C02F2;
			projectDirPath = "";
			projectReferences = (
				{
					ProductGroup = E4328144138ABC890047C5CB /* Products */;
					ProjectRef = E4328143138ABC890047C5CB /* openFrameworksLib.xcodeproj */;
				},
			);
			projectRoot = "";
			targets = (
				E4B69B5A0A3A1756003C02F2 /* waterSim */,
			);
		};
/* End PBXProject section */

/* Begin PBXReferenceProxy section */
		E4328148138ABC890047C5CB /* openFrameworksDebug.a */ = {
			isa = PBXReferenceProxy;
			fileType = archive.ar;
			path = openFrameworksDebug.a;
			remoteRef = E4328147138ABC890047C5CB /* PBXContainerItemProxy */;
			sourceTree = BUILT_PRODUCTS_DIR;
		};
/* End PBXReferenceProxy section */

/* Begin PBXShellScriptBuildPhase section */
		E4B6FFFD0C3F9AB9008CF71C /* ShellScript */ = {
			isa = PBXShellScriptBuildPhase;
			buildActionMask = 2147483647;
			files = (
			);
			inputPaths = (
			);
			outputPaths = (
			);
			runOnlyForDeploymentPostprocessing = 0;
			shellPath = /bin/sh;
			shellScript = "cp -f ../../../libs/fmodex/lib/osx/libfmodex.dylib \"$TARGET_BUILD_DIR/$PRODUCT_NAME.app/Contents/MacOS/libfmodex.dylib\"; install_name_tool -change ./libfmodex.dylib @executable_path/libfmodex.dylib \"$TARGET_BUILD_DIR/$PRODUCT_NAME.app/Contents/MacOS/$PRODUCT_NAME\";\nmkdir -p \"$TARGET_BUILD_DIR/$PRODUCT_NAME.app/Contents/Resources/\"\ncp -f \"$ICON_FILE\" \"$TARGET_BUILD_DIR/$PRODUCT_NAME.app/Contents/Resources/\"\n";
		};
/* End PBXShellScriptBuildPhase section */

/* Begin PBXSourcesBuildPhase section */
		E4B69B580A3A1756003C02F2 /* Sources */ = {
			isa = PBXSourcesBuildPhase;
			buildActionMask = 2147483647;
			files = (
				1A6D76AB1C106F6300C3E308 /* ofApp.cpp in Sources */,
				1A288B471C109D0B00D8A173 /* ETF.cpp in Sources */,
				1A288B4F1C109D0B00D8A173 /* ObjectFinder.cpp in Sources */,
				1A288B531C109D0B00D8A173 /* Wrappers.cpp in Sources */,
				EEB56C74A4D8B973DCD83DAD /* GpuCompute.cpp in Sources */,
				E4FDDBA960200395E42B3C85 /* ofxWaterRipple.cpp in Sources */,
				1A288BCC1C109E3900D8A173 /* core.c in Sources */,
				1A288B4A1C109D0B00D8A173 /* ContourFinder.cpp in Sources */,
				1A288BC91C109E3900D8A173 /* ofxKinect.cpp in Sources */,
				1A288B491C109D0B00D8A173 /* Calibration.cpp in Sources */,
				1A288B501C109D0B00D8A173 /* RunningBackground.cpp in Sources */,
				1A288C541C10A2AF00D8A173 /* ofxCvShortImage.cpp in Sources */,
				1A6D76AA1C106F6300C3E308 /* main.cpp in Sources */,
				1A288C521C10A2AF00D8A173 /* ofxCvHaarFinder.cpp in Sources */,
				1A288C511C10A2AF00D8A173 /* ofxCvGrayscaleImage.cpp in Sources */,
				1A288B4E1C109D0B00D8A173 /* Kalman.cpp in Sources */,
				1A288C501C10A2AF00D8A173 /* ofxCvFloatImage.cpp in Sources */,
				1A288BD11C109E3900D8A173 /* tilt.c in Sources */,
				1A288BCF1C109E3900D8A173 /* loader.c in Sources */,
				1A288BD01C109E3900D8A173 /* registration.c in Sources */,
				1A288B521C109D0B00D8A173 /* Utilities.cpp in Sources */,
				1A288C4F1C10A2AF00D8A173 /* ofxCvContourFinder.cpp in Sources */,
				1A288BCB1C109E3900D8A173 /* cameras.c in Sources */,
				1A288BD21C109E3900D8A173 /* usb_libusb10.c in Sources */,
				1A288B4D1C109D0B00D8A173 /* Helpers.cpp in Sources */,
				1A288C531C10A2AF00D8A173 /* ofxCvImage.cpp in Sources */,
				1A288BCD1C109E3900D8A173 /* flags.c in Sources */,
				1A288B4B1C109D0B00D8A173 /* Distance.cpp in Sources */,
				1A288BCE1C109E3900D8A173 /* keep_alive.c in Sources */,
				1A288BC81C109E3900D8A173 /* ofxKinectExtras.cpp in Sources */,
				1A288C4E1C10A2AF00D8A173 /* ofxCvColorImage.cpp in Sources */,
				1A288B481C109D0B00D8A173 /* fdog.cpp in Sources */,
				1A288B4C1C109D0B00D8A173 /* Flow.cpp in Sources */,
				1A288BCA1C109E3900D8A173 /* audio.c in Sources */,
				1A288B511C109D0B00D8A173 /* Tracker.cpp in Sources */,
			);
			runOnlyForDeploymentPostprocessing = 0;
		};
/* End PBXSourcesBuildPhase section */

/* Begin PBXTargetDependency section */
		E4EEB9AC138B136A00A80321 /* PBXTargetDependency */ = {
			isa = PBXTargetDependency;
			name = openFrameworks;
			targetProxy = E4EEB9AB138B136A00A80321 /* PBXContainerItemProxy */;
		};
/* End PBXTargetDependency section */

/* Begin XCBuildConfiguration section */
		E4B69B4E0A3A1720003C02F2 /* Debug */ = {
			isa = XCBuildConfiguration;
			baseConfigurationReference = E4EB6923138AFD0F00A09F29 /* Project.xcconfig */;
			buildSettings = {
				ARCHS = "$(NATIVE_ARCH)";
				CONFIGURATION_BUILD_DIR = "$(SRCROOT)/bin/";
				COPY_PHASE_STRIP = NO;
				DEAD_CODE_STRIPPING = YES;
				GCC_AUTO_VECTORIZATION = YES;
				GCC_ENABLE_SSE3_EXTENSIONS = YES;
				GCC_ENABLE_SUPPLEMENTAL_SSE3_INSTRUCTIONS = YES;
				GCC_INLINES_ARE_PRIVATE_EXTERN = NO;
				GCC_OPTIMIZATION_LEVEL = 0;
				GCC_SYMBOLS_PRIVATE_EXTERN = NO;
				GCC_WARN_ABOUT_DEPRECATED_FUNCTIONS = YES;
				GCC_WARN_ABOUT_INVALID_OFFSETOF_MACRO = NO;
				GCC_WARN_ALLOW_INCOMPLETE_PROTOCOL = NO;
				GCC_WARN_UNINITIALIZED_AUTOS = NO;
				GCC_WARN_UNUSED_VALUE = NO;
				GCC_WARN_UNUSED_VARIABLE = NO;
				HEADER_SEARCH_PATHS = (
					"$(OF_CORE_HEADERS)",
					../../../addons/ofxWaterRipple/libs,
					../../../addons/ofxWaterRipple/src,
				);
				MACOSX_DEPLOYMENT_TARGET = 10.6;
				OTHER_CPLUSPLUSFLAGS = (
					"-D__MACOSX_CORE__",
					"-lpthread",
					"-mtune=native",
				);
				SDKROOT = macosx;
			};
			name = Debug;
		};
		E4B69B4F0A3A1720003C02F2 /* Release */ = {
			isa = XCBuildConfiguration;
			baseConfigurationReference = E4EB6923138AFD0F00A09F29 /* Project.xcconfig */;
			buildSettings = {
				ARCHS = "$(NATIVE_ARCH)";
				CONFIGURATION_BUILD_DIR = "$(SRCROOT)/bin/";
				COPY_PHASE_STRIP = YES;
				DEAD_CODE_STRIPPING = YES;
				GCC_AUTO_VECTORIZATION = YES;
				GCC_ENABLE_SSE3_EXTENSIONS = YES;
				GCC_ENABLE_SUPPLEMENTAL_SSE3_INSTRUCTIONS = YES;
				GCC_INLINES_ARE_PRIVATE_EXTERN = NO;
				GCC_OPTIMIZATION_LEVEL = 3;
				GCC_SYMBOLS_PRIVATE_EXTERN = NO;
				GCC_UNROLL_LOOPS = YES;
				GCC_WARN_ABOUT_DEPRECATED_FUNCTIONS = YES;
				GCC_WARN_ABOUT_INVALID_OFFSETOF_MACRO = NO;
				GCC_WARN_ALLOW_INCOMPLETE_PROTOCOL = NO;
				GCC_WARN_UNINITIALIZED_AUTOS = NO;
				GCC_WARN_UNUSED_VALUE = NO;
				GCC_WARN_UNUSED_VARIABLE = NO;
				HEADER_SEARCH_PATHS = (
					"$(OF_CORE_HEADERS)",
					../../../addons/ofxWaterRipple/libs,
					../../../addons/ofxWaterRipple/src,
				);
				MACOSX_DEPLOYMENT_TARGET = 10.6;
				OTHER_CPLUSPLUSFLAGS = (
					"-D__MACOSX_CORE__",
					"-lpthread",
					"-mtune=native",
				);
				SDKROOT = macosx;
			};
			name = Release;
		};
		E4B69B600A3A1757003C02F2 /* Debug */ = {
			isa = XCBuildConfiguration;
			buildSettings = {
				COMBINE_HIDPI_IMAGES = YES;
				COPY_PHASE_STRIP = NO;
				FRAMEWORK_SEARCH_PATHS = (
					"$(inherited)",
					"$(FRAMEWORK_SEARCH_PATHS_QUOTED_FOR_TARGET_1)",
				);
				FRAMEWORK_SEARCH_PATHS_QUOTED_FOR_TARGET_1 = "\"$(SRCROOT)/../../../libs/glut/lib/osx\"";
				GCC_DYNAMIC_NO_PIC = NO;
				GCC_GENERATE_DEBUGGING_SYMBOLS = YES;
				GCC_MODEL_TUNING = NONE;
				ICON = "$(ICON_NAME_DEBUG)";
				ICON_FILE = "$(ICON_FILE_PATH)$(ICON)";
				INFOPLIST_FILE = "openFrameworks-Info.plist";
				INSTALL_PATH = "$(HOME)/Applications";
				LIBRARY_SEARCH_PATHS = (
					"$(inherited)",
					"$(LIBRARY_SEARCH_PATHS_QUOTED_FOR_TARGET_1)",
					"$(LIBRARY_SEARCH_PATHS_QUOTED_FOR_TARGET_2)",
					"$(LIBRARY_SEARCH_PATHS_QUOTED_FOR_TARGET_3)",
					"$(LIBRARY_SEARCH_PATHS_QUOTED_FOR_TARGET_4)",
					"$(LIBRARY_SEARCH_PATHS_QUOTED_FOR_TARGET_5)",
					"$(LIBRARY_SEARCH_PATHS_QUOTED_FOR_TARGET_6)",
					"$(LIBRARY_SEARCH_PATHS_QUOTED_FOR_TARGET_7)",
					"$(LIBRARY_SEARCH_PATHS_QUOTED_FOR_TARGET_8)",
					"$(LIBRARY_SEARCH_PATHS_QUOTED_FOR_TARGET_9)",
					"$(LIBRARY_SEARCH_PATHS_QUOTED_FOR_TARGET_10)",
					"$(LIBRARY_SEARCH_PATHS_QUOTED_FOR_TARGET_11)",
					"$(LIBRARY_SEARCH_PATHS_QUOTED_FOR_TARGET_12)",
					"$(LIBRARY_SEARCH_PATHS_QUOTED_FOR_TARGET_13)",
					"$(LIBRARY_SEARCH_PATHS_QUOTED_FOR_TARGET_14)",
					"$(LIBRARY_SEARCH_PATHS_QUOTED_FOR_TARGET_15)",
					"$(LIBRARY_SEARCH_PATHS_QUOTED_FOR_TARGET_2)",
					"$(LIBRARY_SEARCH_PATHS_QUOTED_FOR_TARGET_3)",
					"$(LIBRARY_SEARCH_PATHS_QUOTED_FOR_TARGET_7)",
					"$(LIBRARY_SEARCH_PATHS_QUOTED_FOR_TARGET_8)",
					"$(LIBRARY_SEARCH_PATHS_QUOTED_FOR_TARGET_9)",
					"$(LIBRARY_SEARCH_PATHS_QUOTED_FOR_TARGET_10)",
					"$(LIBRARY_SEARCH_PATHS_QUOTED_FOR_TARGET_11)",
					"$(LIBRARY_SEARCH_PATHS_QUOTED_FOR_TARGET_12)",
					"$(LIBRARY_SEARCH_PATHS_QUOTED_FOR_TARGET_13)",
					"$(LIBRARY_SEARCH_PATHS_QUOTED_FOR_TARGET_16)",
					"$(LIBRARY_SEARCH_PATHS_QUOTED_FOR_TARGET_17)",
					"$(LIBRARY_SEARCH_PATHS_QUOTED_FOR_TARGET_18)",
					"$(LIBRARY_SEARCH_PATHS_QUOTED_FOR_TARGET_19)",
					"$(LIBRARY_SEARCH_PATHS_QUOTED_FOR_TARGET_20)",
					"$(LIBRARY_SEARCH_PATHS_QUOTED_FOR_TARGET_21)",
					"$(LIBRARY_SEARCH_PATHS_QUOTED_FOR_TARGET_22)",
					"$(LIBRARY_SEARCH_PATHS_QUOTED_FOR_TARGET_23)",
					"$(LIBRARY_SEARCH_PATHS_QUOTED_FOR_TARGET_24)",
					"$(LIBRARY_SEARCH_PATHS_QUOTED_FOR_TARGET_25)",
					"$(LIBRARY_SEARCH_PATHS_QUOTED_FOR_TARGET_26)",
					"$(LIBRARY_SEARCH_PATHS_QUOTED_FOR_TARGET_27)",
					"$(LIBRARY_SEARCH_PATHS_QUOTED_FOR_TARGET_28)",
					"$(LIBRARY_SEARCH_PATHS_QUOTED_FOR_TARGET_29)",
					"$(LIBRARY_SEARCH_PATHS_QUOTED_FOR_TARGET_30)",
					"$(LIBRARY_SEARCH_PATHS_QUOTED_FOR_TARGET_31)",
					"$(LIBRARY_SEARCH_PATHS_QUOTED_FOR_TARGET_32)",
					"$(LIBRARY_SEARCH_PATHS_QUOTED_FOR_TARGET_33)",
					"$(LIBRARY_SEARCH_PATHS_QUOTED_FOR_TARGET_34)",
					"$(LIBRARY_SEARCH_PATHS_QUOTED_FOR_TARGET_35)",
					"$(LIBRARY_SEARCH_PATHS_QUOTED_FOR_TARGET_36)",
					"$(LIBRARY_SEARCH_PATHS_QUOTED_FOR_TARGET_37)",
					"$(LIBRARY_SEARCH_PATHS_QUOTED_FOR_TARGET_38)",
					"$(LIBRARY_SEARCH_PATHS_QUOTED_FOR_TARGET_39)",
					"$(LIBRARY_SEARCH_PATHS_QUOTED_FOR_TARGET_40)",
					"$(LIBRARY_SEARCH_PATHS_QUOTED_FOR_TARGET_41)",
					"$(LIBRARY_SEARCH_PATHS_QUOTED_FOR_TARGET_42)",
					"$(LIBRARY_SEARCH_PATHS_QUOTED_FOR_TARGET_43)",
					"$(LIBRARY_SEARCH_PATHS_QUOTED_FOR_TARGET_44)",
					"$(LIBRARY_SEARCH_PATHS_QUOTED_FOR_TARGET_45)",
					"$(LIBRARY_SEARCH_PATHS_QUOTED_FOR_TARGET_46)",
					"$(LIBRARY_SEARCH_PATHS_QUOTED_FOR_TARGET_47)",
					"$(LIBRARY_SEARCH_PATHS_QUOTED_FOR_TARGET_48)",
					"$(LIBRARY_SEARCH_PATHS_QUOTED_FOR_TARGET_49)",
					"$(LIBRARY_SEARCH_PATHS_QUOTED_FOR_TARGET_50)",
					"$(LIBRARY_SEARCH_PATHS_QUOTED_FOR_TARGET_51)",
					"$(LIBRARY_SEARCH_PATHS_QUOTED_FOR_TARGET_52)",
					/Users/james/Documents/openFrameworksStatic/addons/ofxOpenCv/libs/opencv/lib/osx,
					"/Users/james/Documents/openFrameworksStatic/addons/ofxKinect/libs/libusb-1.0/lib/osx",
				);
				PRODUCT_NAME = waterSimDebug;
				USER_HEADER_SEARCH_PATHS = "../../../addons/ofxCv/libs/CLD/include/ ../../../addons/ofxKinect/libs/libusb-win32/include/ ../../../addons/ofxOpenCv/libs/opencv/include/ ../../../addons/ofxKinect/libs/libfreenect/include/ ../../../addons/ofxCv/../ofxOpenCv/libs/opencv/include ../../../addons/ofxKinect/libs/libusb-1.0/include/ ../../../addons/ofxCv/libs/ofxCv/include/";
				WRAPPER_EXTENSION = app;
			};
			name = Debug;
		};
		E4B69B610A3A1757003C02F2 /* Release */ = {
			isa = XCBuildConfiguration;
			buildSettings = {
				COMBINE_HIDPI_IMAGES = YES;
				COPY_PHASE_STRIP = YES;
				FRAMEWORK_SEARCH_PATHS = (
					"$(inherited)",
					"$(FRAMEWORK_SEARCH_PATHS_QUOTED_FOR_TARGET_1)",
				);
				FRAMEWORK_SEARCH_PATHS_QUOTED_FOR_TARGET_1 = "\"$(SRCROOT)/../../../libs/glut/lib/osx\"";
				GCC_GENERATE_DEBUGGING_SYMBOLS = YES;
				GCC_MODEL_TUNING = NONE;
				ICON = "$(ICON_NAME_RELEASE)";
				ICON_FILE = "$(ICON_FILE_PATH)$(ICON)";
				INFOPLIST_FILE = "openFrameworks-Info.plist";
				INSTALL_PATH = "$(HOME)/Applications";
				LIBRARY_SEARCH_PATHS = (
					"$(inherited)",
					"$(LIBRARY_SEARCH_PATHS_QUOTED_FOR_TARGET_1)",
					"$(LIBRARY_SEARCH_PATHS_QUOTED_FOR_TARGET_2)",
					"$(LIBRARY_SEARCH_PATHS_QUOTED_FOR_TARGET_3)",
					"$(LIBRARY_SEARCH_PATHS_QUOTED_FOR_TARGET_4)",
					"$(LIBRARY_SEARCH_PATHS_QUOTED_FOR_TARGET_5)",
					"$(LIBRARY_SEARCH_PATHS_QUOTED_FOR_TARGET_6)",
					"$(LIBRARY_SEARCH_PATHS_QUOTED_FOR_TARGET_7)",
					"$(LIBRARY_SEARCH_PATHS_QUOTED_FOR_TARGET_8)",
					"$(LIBRARY_SEARCH_PATHS_QUOTED_FOR_TARGET_9)",
					"$(LIBRARY_SEARCH_PATHS_QUOTED_FOR_TARGET_10)",
					"$(LIBRARY_SEARCH_PATHS_QUOTED_FOR_TARGET_11)",
					"$(LIBRARY_SEARCH_PATHS_QUOTED_FOR_TARGET_12)",
					"$(LIBRARY_SEARCH_PATHS_QUOTED_FOR_TARGET_13)",
					"$(LIBRARY_SEARCH_PATHS_QUOTED_FOR_TARGET_14)",
					"$(LIBRARY_SEARCH_PATHS_QUOTED_FOR_TARGET_15)",
					"$(LIBRARY_SEARCH_PATHS_QUOTED_FOR_TARGET_2)",
					"$(LIBRARY_SEARCH_PATHS_QUOTED_1)",
					"$(LIBRARY_SEARCH_PATHS_QUOTED_FOR_TARGET_3)",
					"$(LIBRARY_SEARCH_PATHS_QUOTED_FOR_TARGET_7)",
					"$(LIBRARY_SEARCH_PATHS_QUOTED_FOR_TARGET_8)",
					"$(LIBRARY_SEARCH_PATHS_QUOTED_FOR_TARGET_9)",
					"$(LIBRARY_SEARCH_PATHS_QUOTED_FOR_TARGET_10)",
					"$(LIBRARY_SEARCH_PATHS_QUOTED_FOR_TARGET_11)",
					"$(LIBRARY_SEARCH_PATHS_QUOTED_FOR_TARGET_12)",
					"$(LIBRARY_SEARCH_PATHS_QUOTED_FOR_TARGET_13)",
					"$(LIBRARY_SEARCH_PATHS_QUOTED_FOR_TARGET_16)",
					"$(LIBRARY_SEARCH_PATHS_QUOTED_FOR_TARGET_17)",
					"$(LIBRARY_SEARCH_PATHS_QUOTED_FOR_TARGET_18)",
					"$(LIBRARY_SEARCH_PATHS_QUOTED_FOR_TARGET_19)",
					"$(LIBRARY_SEARCH_PATHS_QUOTED_FOR_TARGET_20)",
					"$(LIBRARY_SEARCH_PATHS_QUOTED_FOR_TARGET_21)",
					"$(LIBRARY_SEARCH_PATHS_QUOTED_FOR_TARGET_22)",
					"$(LIBRARY_SEARCH_PATHS_QUOTED_FOR_TARGET_23)",
					"$(LIBRARY_SEARCH_PATHS_QUOTED_FOR_TARGET_24)",
					"$(LIBRARY_SEARCH_PATHS_QUOTED_FOR_TARGET_25)",
					"$(LIBRARY_SEARCH_PATHS_QUOTED_FOR_TARGET_26)",
					"$(LIBRARY_SEARCH_PATHS_QUOTED_FOR_TARGET_27)",
					"$(LIBRARY_SEARCH_PATHS_QUOTED_FOR_TARGET_28)",
					"$(LIBRARY_SEARCH_PATHS_QUOTED_FOR_TARGET_29)",
					"$(LIBRARY_SEARCH_PATHS_QUOTED_FOR_TARGET_30)",
					"$(LIBRARY_SEARCH_PATHS_QUOTED_FOR_TARGET_31)",
					"$(LIBRARY_SEARCH_PATHS_QUOTED_FOR_TARGET_32)",
					"$(LIBRARY_SEARCH_PATHS_QUOTED_FOR_TARGET_33)",
					"$(LIBRARY_SEARCH_PATHS_QUOTED_FOR_TARGET_34)",
					"$(LIBRARY_SEARCH_PATHS_QUOTED_FOR_TARGET_35)",
					"$(LIBRARY_SEARCH_PATHS_QUOTED_FOR_TARGET_36)",
					"$(LIBRARY_SEARCH_PATHS_QUOTED_FOR_TARGET_37)",
					"$(LIBRARY_SEARCH_PATHS_QUOTED_FOR_TARGET_38)",
					"$(LIBRARY_SEARCH_PATHS_QUOTED_FOR_TARGET_39)",
					"$(LIBRARY_SEARCH_PATHS_QUOTED_FOR_TARGET_40)",
					"$(LIBRARY_SEARCH_PATHS_QUOTED_FOR_TARGET_41)",
					"$(LIBRARY_SEARCH_PATHS_QUOTED_FOR_TARGET_42)",
					"$(LIBRARY_SEARCH_PATHS_QUOTED_FOR_TARGET_43)",
					"$(LIBRARY_SEARCH_PATHS_QUOTED_FOR_TARGET_44)",
					"$(LIBRARY_SEARCH_PATHS_QUOTED_FOR_TARGET_45)",
					"$(LIBRARY_SEARCH_PATHS_QUOTED_FOR_TARGET_46)",
					"$(LIBRARY_SEARCH_PATHS_QUOTED_FOR_TARGET_47)",
					"$(LIBRARY_SEARCH_PATHS_QUOTED_FOR_TARGET_48)",
					"$(LIBRARY_SEARCH_PATHS_QUOTED_FOR_TARGET_49)",
					"$(LIBRARY_SEARCH_PATHS_QUOTED_FOR_TARGET_50)",
					"$(LIBRARY_SEARCH_PATHS_QUOTED_FOR_TARGET_51)",
					/Users/james/Documents/openFrameworksStatic/addons/ofxOpenCv/libs/opencv/lib/osx,
					"/Users/james/Documents/openFrameworksStatic/addons/ofxKinect/libs/libusb-1.0/lib/osx",
				);
				PRODUCT_NAME = waterSim;
				USER_HEADER_SEARCH_PATHS = "../../../addons/ofxCv/libs/CLD/include/ ../../../addons/ofxKinect/libs/libusb-win32/include/ ../../../addons/ofxOpenCv/libs/opencv/include/ ../../../addons/ofxKinect/libs/libfreenect/include/ ../../../addons/ofxCv/../ofxOpenCv/libs/opencv/include ../../../addons/ofxKinect/libs/libusb-1.0/include/ ../../../addons/ofxCv/libs/ofxCv/include/";
				WRAPPER_EXTENSION = app;
			};
			name = Release;
		};
/* End XCBuildConfiguration section */

/* Begin XCConfigurationList section */
		E4B69B4D0A3A1720003C02F2 /* Build configuration list for PBXProject "waterSim" */ = {
			isa = XCConfigurationList;
			buildConfigurations = (
				E4B69B4E0A3A1720003C02F2 /* Debug */,
				E4B69B4F0A3A1720003C02F2 /* Release */,
			);
			defaultConfigurationIsVisible = 0;
			defaultConfigurationName = Release;
		};
		E4B69B5F0A3A1757003C02F2 /* Build configuration list for PBXNativeTarget "waterSim" */ = {
			isa = XCConfigurationList;
			buildConfigurations = (
				E4B69B600A3A1757003C02F2 /* Debug */,
				E4B69B610A3A1757003C02F2 /* Release */,
			);
			defaultConfigurationIsVisible = 0;
			defaultConfigurationName = Release;
		};
/* End XCConfigurationList section */
	};
	rootObject = E4B69B4C0A3A1720003C02F2 /* Project object */;
}
